// !$*UTF8*$!
{
	archiveVersion = 1;
	classes = {
	};
	objectVersion = 46;
	objects = {

/* Begin PBXBuildFile section */
		A2F0EE4A1743627300F0278C /* UIKit.framework in Frameworks */ = {isa = PBXBuildFile; fileRef = A2F0EE491743627300F0278C /* UIKit.framework */; };
		A2F0EE4C1743627300F0278C /* Foundation.framework in Frameworks */ = {isa = PBXBuildFile; fileRef = A2F0EE4B1743627300F0278C /* Foundation.framework */; };
		A2F0EE4E1743627300F0278C /* CoreGraphics.framework in Frameworks */ = {isa = PBXBuildFile; fileRef = A2F0EE4D1743627300F0278C /* CoreGraphics.framework */; };
		A2F0EE541743627300F0278C /* InfoPlist.strings in Resources */ = {isa = PBXBuildFile; fileRef = A2F0EE521743627300F0278C /* InfoPlist.strings */; };
		A2F0EE561743627300F0278C /* main.m in Sources */ = {isa = PBXBuildFile; fileRef = A2F0EE551743627300F0278C /* main.m */; };
		A2F0EE5A1743627300F0278C /* AppDelegate.m in Sources */ = {isa = PBXBuildFile; fileRef = A2F0EE591743627300F0278C /* AppDelegate.m */; };
		A2F0EE5C1743627300F0278C /* Default.png in Resources */ = {isa = PBXBuildFile; fileRef = A2F0EE5B1743627300F0278C /* Default.png */; };
		A2F0EE5E1743627300F0278C /* Default@2x.png in Resources */ = {isa = PBXBuildFile; fileRef = A2F0EE5D1743627300F0278C /* Default@2x.png */; };
		A2F0EE601743627300F0278C /* Default-568h@2x.png in Resources */ = {isa = PBXBuildFile; fileRef = A2F0EE5F1743627300F0278C /* Default-568h@2x.png */; };
		A2F0EF931743682C00F0278C /* explosion1.png in Resources */ = {isa = PBXBuildFile; fileRef = A2F0EF2F1743682B00F0278C /* explosion1.png */; };
		A2F0EF941743682C00F0278C /* explosion10.png in Resources */ = {isa = PBXBuildFile; fileRef = A2F0EF301743682B00F0278C /* explosion10.png */; };
		A2F0EF951743682C00F0278C /* explosion11.png in Resources */ = {isa = PBXBuildFile; fileRef = A2F0EF311743682B00F0278C /* explosion11.png */; };
		A2F0EF961743682C00F0278C /* explosion12.png in Resources */ = {isa = PBXBuildFile; fileRef = A2F0EF321743682B00F0278C /* explosion12.png */; };
		A2F0EF971743682C00F0278C /* explosion13.png in Resources */ = {isa = PBXBuildFile; fileRef = A2F0EF331743682B00F0278C /* explosion13.png */; };
		A2F0EF981743682C00F0278C /* explosion14.png in Resources */ = {isa = PBXBuildFile; fileRef = A2F0EF341743682B00F0278C /* explosion14.png */; };
		A2F0EF991743682C00F0278C /* explosion15.png in Resources */ = {isa = PBXBuildFile; fileRef = A2F0EF351743682B00F0278C /* explosion15.png */; };
		A2F0EF9A1743682C00F0278C /* explosion16.png in Resources */ = {isa = PBXBuildFile; fileRef = A2F0EF361743682B00F0278C /* explosion16.png */; };
		A2F0EF9B1743682C00F0278C /* explosion17.png in Resources */ = {isa = PBXBuildFile; fileRef = A2F0EF371743682B00F0278C /* explosion17.png */; };
		A2F0EF9C1743682C00F0278C /* explosion18.png in Resources */ = {isa = PBXBuildFile; fileRef = A2F0EF381743682B00F0278C /* explosion18.png */; };
		A2F0EF9D1743682C00F0278C /* explosion19.png in Resources */ = {isa = PBXBuildFile; fileRef = A2F0EF391743682B00F0278C /* explosion19.png */; };
		A2F0EF9E1743682C00F0278C /* explosion2.png in Resources */ = {isa = PBXBuildFile; fileRef = A2F0EF3A1743682B00F0278C /* explosion2.png */; };
		A2F0EF9F1743682C00F0278C /* explosion20.png in Resources */ = {isa = PBXBuildFile; fileRef = A2F0EF3B1743682B00F0278C /* explosion20.png */; };
		A2F0EFA01743682C00F0278C /* explosion21.png in Resources */ = {isa = PBXBuildFile; fileRef = A2F0EF3C1743682B00F0278C /* explosion21.png */; };
		A2F0EFA11743682C00F0278C /* explosion22.png in Resources */ = {isa = PBXBuildFile; fileRef = A2F0EF3D1743682B00F0278C /* explosion22.png */; };
		A2F0EFA21743682C00F0278C /* explosion23.png in Resources */ = {isa = PBXBuildFile; fileRef = A2F0EF3E1743682B00F0278C /* explosion23.png */; };
		A2F0EFA31743682C00F0278C /* explosion24.png in Resources */ = {isa = PBXBuildFile; fileRef = A2F0EF3F1743682B00F0278C /* explosion24.png */; };
		A2F0EFA41743682C00F0278C /* explosion25.png in Resources */ = {isa = PBXBuildFile; fileRef = A2F0EF401743682B00F0278C /* explosion25.png */; };
		A2F0EFA51743682C00F0278C /* explosion26.png in Resources */ = {isa = PBXBuildFile; fileRef = A2F0EF411743682B00F0278C /* explosion26.png */; };
		A2F0EFA61743682C00F0278C /* explosion27.png in Resources */ = {isa = PBXBuildFile; fileRef = A2F0EF421743682B00F0278C /* explosion27.png */; };
		A2F0EFA71743682C00F0278C /* explosion28.png in Resources */ = {isa = PBXBuildFile; fileRef = A2F0EF431743682B00F0278C /* explosion28.png */; };
		A2F0EFA81743682C00F0278C /* explosion29.png in Resources */ = {isa = PBXBuildFile; fileRef = A2F0EF441743682B00F0278C /* explosion29.png */; };
		A2F0EFA91743682C00F0278C /* explosion3.png in Resources */ = {isa = PBXBuildFile; fileRef = A2F0EF451743682B00F0278C /* explosion3.png */; };
		A2F0EFAA1743682C00F0278C /* explosion30.png in Resources */ = {isa = PBXBuildFile; fileRef = A2F0EF461743682B00F0278C /* explosion30.png */; };
		A2F0EFAB1743682C00F0278C /* explosion31.png in Resources */ = {isa = PBXBuildFile; fileRef = A2F0EF471743682B00F0278C /* explosion31.png */; };
		A2F0EFAC1743682C00F0278C /* explosion32.png in Resources */ = {isa = PBXBuildFile; fileRef = A2F0EF481743682B00F0278C /* explosion32.png */; };
		A2F0EFAD1743682C00F0278C /* explosion33.png in Resources */ = {isa = PBXBuildFile; fileRef = A2F0EF491743682B00F0278C /* explosion33.png */; };
		A2F0EFAE1743682C00F0278C /* explosion34.png in Resources */ = {isa = PBXBuildFile; fileRef = A2F0EF4A1743682B00F0278C /* explosion34.png */; };
		A2F0EFAF1743682C00F0278C /* explosion35.png in Resources */ = {isa = PBXBuildFile; fileRef = A2F0EF4B1743682B00F0278C /* explosion35.png */; };
		A2F0EFB01743682C00F0278C /* explosion36.png in Resources */ = {isa = PBXBuildFile; fileRef = A2F0EF4C1743682B00F0278C /* explosion36.png */; };
		A2F0EFB11743682C00F0278C /* explosion37.png in Resources */ = {isa = PBXBuildFile; fileRef = A2F0EF4D1743682B00F0278C /* explosion37.png */; };
		A2F0EFB21743682C00F0278C /* explosion38.png in Resources */ = {isa = PBXBuildFile; fileRef = A2F0EF4E1743682B00F0278C /* explosion38.png */; };
		A2F0EFB31743682C00F0278C /* explosion39.png in Resources */ = {isa = PBXBuildFile; fileRef = A2F0EF4F1743682B00F0278C /* explosion39.png */; };
		A2F0EFB41743682C00F0278C /* explosion4.png in Resources */ = {isa = PBXBuildFile; fileRef = A2F0EF501743682B00F0278C /* explosion4.png */; };
		A2F0EFB51743682C00F0278C /* explosion40.png in Resources */ = {isa = PBXBuildFile; fileRef = A2F0EF511743682B00F0278C /* explosion40.png */; };
		A2F0EFB61743682C00F0278C /* explosion41.png in Resources */ = {isa = PBXBuildFile; fileRef = A2F0EF521743682B00F0278C /* explosion41.png */; };
		A2F0EFB71743682C00F0278C /* explosion42.png in Resources */ = {isa = PBXBuildFile; fileRef = A2F0EF531743682B00F0278C /* explosion42.png */; };
		A2F0EFB81743682C00F0278C /* explosion43.png in Resources */ = {isa = PBXBuildFile; fileRef = A2F0EF541743682B00F0278C /* explosion43.png */; };
		A2F0EFB91743682C00F0278C /* explosion44.png in Resources */ = {isa = PBXBuildFile; fileRef = A2F0EF551743682B00F0278C /* explosion44.png */; };
		A2F0EFBA1743682C00F0278C /* explosion45.png in Resources */ = {isa = PBXBuildFile; fileRef = A2F0EF561743682B00F0278C /* explosion45.png */; };
		A2F0EFBB1743682C00F0278C /* explosion46.png in Resources */ = {isa = PBXBuildFile; fileRef = A2F0EF571743682B00F0278C /* explosion46.png */; };
		A2F0EFBC1743682C00F0278C /* explosion47.png in Resources */ = {isa = PBXBuildFile; fileRef = A2F0EF581743682B00F0278C /* explosion47.png */; };
		A2F0EFBD1743682C00F0278C /* explosion48.png in Resources */ = {isa = PBXBuildFile; fileRef = A2F0EF591743682B00F0278C /* explosion48.png */; };
		A2F0EFBE1743682C00F0278C /* explosion49.png in Resources */ = {isa = PBXBuildFile; fileRef = A2F0EF5A1743682B00F0278C /* explosion49.png */; };
		A2F0EFBF1743682C00F0278C /* explosion5.png in Resources */ = {isa = PBXBuildFile; fileRef = A2F0EF5B1743682B00F0278C /* explosion5.png */; };
		A2F0EFC01743682C00F0278C /* explosion50.png in Resources */ = {isa = PBXBuildFile; fileRef = A2F0EF5C1743682B00F0278C /* explosion50.png */; };
		A2F0EFC11743682C00F0278C /* explosion51.png in Resources */ = {isa = PBXBuildFile; fileRef = A2F0EF5D1743682B00F0278C /* explosion51.png */; };
		A2F0EFC21743682C00F0278C /* explosion52.png in Resources */ = {isa = PBXBuildFile; fileRef = A2F0EF5E1743682B00F0278C /* explosion52.png */; };
		A2F0EFC31743682C00F0278C /* explosion53.png in Resources */ = {isa = PBXBuildFile; fileRef = A2F0EF5F1743682B00F0278C /* explosion53.png */; };
		A2F0EFC41743682C00F0278C /* explosion54.png in Resources */ = {isa = PBXBuildFile; fileRef = A2F0EF601743682B00F0278C /* explosion54.png */; };
		A2F0EFC51743682C00F0278C /* explosion55.png in Resources */ = {isa = PBXBuildFile; fileRef = A2F0EF611743682B00F0278C /* explosion55.png */; };
		A2F0EFC61743682C00F0278C /* explosion56.png in Resources */ = {isa = PBXBuildFile; fileRef = A2F0EF621743682B00F0278C /* explosion56.png */; };
		A2F0EFC71743682C00F0278C /* explosion57.png in Resources */ = {isa = PBXBuildFile; fileRef = A2F0EF631743682B00F0278C /* explosion57.png */; };
		A2F0EFC81743682C00F0278C /* explosion58.png in Resources */ = {isa = PBXBuildFile; fileRef = A2F0EF641743682B00F0278C /* explosion58.png */; };
		A2F0EFC91743682C00F0278C /* explosion59.png in Resources */ = {isa = PBXBuildFile; fileRef = A2F0EF651743682B00F0278C /* explosion59.png */; };
		A2F0EFCA1743682C00F0278C /* explosion6.png in Resources */ = {isa = PBXBuildFile; fileRef = A2F0EF661743682B00F0278C /* explosion6.png */; };
		A2F0EFCB1743682C00F0278C /* explosion60.png in Resources */ = {isa = PBXBuildFile; fileRef = A2F0EF671743682B00F0278C /* explosion60.png */; };
		A2F0EFCC1743682C00F0278C /* explosion61.png in Resources */ = {isa = PBXBuildFile; fileRef = A2F0EF681743682B00F0278C /* explosion61.png */; };
		A2F0EFCD1743682C00F0278C /* explosion62.png in Resources */ = {isa = PBXBuildFile; fileRef = A2F0EF691743682B00F0278C /* explosion62.png */; };
		A2F0EFCE1743682C00F0278C /* explosion63.png in Resources */ = {isa = PBXBuildFile; fileRef = A2F0EF6A1743682B00F0278C /* explosion63.png */; };
		A2F0EFCF1743682C00F0278C /* explosion64.png in Resources */ = {isa = PBXBuildFile; fileRef = A2F0EF6B1743682B00F0278C /* explosion64.png */; };
		A2F0EFD01743682C00F0278C /* explosion65.png in Resources */ = {isa = PBXBuildFile; fileRef = A2F0EF6C1743682C00F0278C /* explosion65.png */; };
		A2F0EFD11743682C00F0278C /* explosion66.png in Resources */ = {isa = PBXBuildFile; fileRef = A2F0EF6D1743682C00F0278C /* explosion66.png */; };
		A2F0EFD21743682C00F0278C /* explosion67.png in Resources */ = {isa = PBXBuildFile; fileRef = A2F0EF6E1743682C00F0278C /* explosion67.png */; };
		A2F0EFD31743682C00F0278C /* explosion68.png in Resources */ = {isa = PBXBuildFile; fileRef = A2F0EF6F1743682C00F0278C /* explosion68.png */; };
		A2F0EFD41743682C00F0278C /* explosion69.png in Resources */ = {isa = PBXBuildFile; fileRef = A2F0EF701743682C00F0278C /* explosion69.png */; };
		A2F0EFD51743682C00F0278C /* explosion7.png in Resources */ = {isa = PBXBuildFile; fileRef = A2F0EF711743682C00F0278C /* explosion7.png */; };
		A2F0EFD61743682C00F0278C /* explosion70.png in Resources */ = {isa = PBXBuildFile; fileRef = A2F0EF721743682C00F0278C /* explosion70.png */; };
		A2F0EFD71743682C00F0278C /* explosion71.png in Resources */ = {isa = PBXBuildFile; fileRef = A2F0EF731743682C00F0278C /* explosion71.png */; };
		A2F0EFD81743682C00F0278C /* explosion72.png in Resources */ = {isa = PBXBuildFile; fileRef = A2F0EF741743682C00F0278C /* explosion72.png */; };
		A2F0EFD91743682C00F0278C /* explosion73.png in Resources */ = {isa = PBXBuildFile; fileRef = A2F0EF751743682C00F0278C /* explosion73.png */; };
		A2F0EFDA1743682C00F0278C /* explosion74.png in Resources */ = {isa = PBXBuildFile; fileRef = A2F0EF761743682C00F0278C /* explosion74.png */; };
		A2F0EFDB1743682C00F0278C /* explosion75.png in Resources */ = {isa = PBXBuildFile; fileRef = A2F0EF771743682C00F0278C /* explosion75.png */; };
		A2F0EFDC1743682C00F0278C /* explosion76.png in Resources */ = {isa = PBXBuildFile; fileRef = A2F0EF781743682C00F0278C /* explosion76.png */; };
		A2F0EFDD1743682C00F0278C /* explosion77.png in Resources */ = {isa = PBXBuildFile; fileRef = A2F0EF791743682C00F0278C /* explosion77.png */; };
		A2F0EFDE1743682C00F0278C /* explosion78.png in Resources */ = {isa = PBXBuildFile; fileRef = A2F0EF7A1743682C00F0278C /* explosion78.png */; };
		A2F0EFDF1743682C00F0278C /* explosion79.png in Resources */ = {isa = PBXBuildFile; fileRef = A2F0EF7B1743682C00F0278C /* explosion79.png */; };
		A2F0EFE01743682C00F0278C /* explosion8.png in Resources */ = {isa = PBXBuildFile; fileRef = A2F0EF7C1743682C00F0278C /* explosion8.png */; };
		A2F0EFE11743682C00F0278C /* explosion80.png in Resources */ = {isa = PBXBuildFile; fileRef = A2F0EF7D1743682C00F0278C /* explosion80.png */; };
		A2F0EFE21743682C00F0278C /* explosion81.png in Resources */ = {isa = PBXBuildFile; fileRef = A2F0EF7E1743682C00F0278C /* explosion81.png */; };
		A2F0EFE31743682C00F0278C /* explosion9.png in Resources */ = {isa = PBXBuildFile; fileRef = A2F0EF7F1743682C00F0278C /* explosion9.png */; };
		A2F0EFE41743682C00F0278C /* rock1.png in Resources */ = {isa = PBXBuildFile; fileRef = A2F0EF801743682C00F0278C /* rock1.png */; };
		A2F0EFE51743682C00F0278C /* rock1@2x.png in Resources */ = {isa = PBXBuildFile; fileRef = A2F0EF811743682C00F0278C /* rock1@2x.png */; };
		A2F0EFE61743682C00F0278C /* rock2.png in Resources */ = {isa = PBXBuildFile; fileRef = A2F0EF821743682C00F0278C /* rock2.png */; };
		A2F0EFE71743682C00F0278C /* rock2@2x.png in Resources */ = {isa = PBXBuildFile; fileRef = A2F0EF831743682C00F0278C /* rock2@2x.png */; };
		A2F0EFE81743682C00F0278C /* rock3.png in Resources */ = {isa = PBXBuildFile; fileRef = A2F0EF841743682C00F0278C /* rock3.png */; };
		A2F0EFE91743682C00F0278C /* rock3@2x.png in Resources */ = {isa = PBXBuildFile; fileRef = A2F0EF851743682C00F0278C /* rock3@2x.png */; };
		A2F0EFEA1743682C00F0278C /* rock4.png in Resources */ = {isa = PBXBuildFile; fileRef = A2F0EF861743682C00F0278C /* rock4.png */; };
		A2F0EFEB1743682C00F0278C /* rock4@2x.png in Resources */ = {isa = PBXBuildFile; fileRef = A2F0EF871743682C00F0278C /* rock4@2x.png */; };
		A2F0EFEC1743682C00F0278C /* rock5.png in Resources */ = {isa = PBXBuildFile; fileRef = A2F0EF881743682C00F0278C /* rock5.png */; };
		A2F0EFED1743682C00F0278C /* rock5@2x.png in Resources */ = {isa = PBXBuildFile; fileRef = A2F0EF891743682C00F0278C /* rock5@2x.png */; };
		A2F0EFEE1743682C00F0278C /* rock6.png in Resources */ = {isa = PBXBuildFile; fileRef = A2F0EF8A1743682C00F0278C /* rock6.png */; };
		A2F0EFEF1743682C00F0278C /* rock6@2x.png in Resources */ = {isa = PBXBuildFile; fileRef = A2F0EF8B1743682C00F0278C /* rock6@2x.png */; };
		A2F0EFF01743682C00F0278C /* rock7.png in Resources */ = {isa = PBXBuildFile; fileRef = A2F0EF8C1743682C00F0278C /* rock7.png */; };
		A2F0EFF11743682C00F0278C /* rock7@2x.png in Resources */ = {isa = PBXBuildFile; fileRef = A2F0EF8D1743682C00F0278C /* rock7@2x.png */; };
		A2F0EFF21743682C00F0278C /* rock8.png in Resources */ = {isa = PBXBuildFile; fileRef = A2F0EF8E1743682C00F0278C /* rock8.png */; };
		A2F0EFF31743682C00F0278C /* rock8@2x.png in Resources */ = {isa = PBXBuildFile; fileRef = A2F0EF8F1743682C00F0278C /* rock8@2x.png */; };
		A2F0EFF41743682C00F0278C /* rock9.png in Resources */ = {isa = PBXBuildFile; fileRef = A2F0EF901743682C00F0278C /* rock9.png */; };
		A2F0EFF51743682C00F0278C /* rock9@2x.png in Resources */ = {isa = PBXBuildFile; fileRef = A2F0EF911743682C00F0278C /* rock9@2x.png */; };
		A2F0EFF61743682C00F0278C /* squeezednote.png in Resources */ = {isa = PBXBuildFile; fileRef = A2F0EF921743682C00F0278C /* squeezednote.png */; };
		A2F0EFF917436BB300F0278C /* ViewController.m in Sources */ = {isa = PBXBuildFile; fileRef = A2F0EFF817436BB300F0278C /* ViewController.m */; };
		A2F0EFFC1743724200F0278C /* Note.m in Sources */ = {isa = PBXBuildFile; fileRef = A2F0EFFB1743724200F0278C /* Note.m */; };
/* End PBXBuildFile section */

/* Begin PBXFileReference section */
		A2F0EE461743627300F0278C /* UIImageFun.app */ = {isa = PBXFileReference; explicitFileType = wrapper.application; includeInIndex = 0; path = UIImageFun.app; sourceTree = BUILT_PRODUCTS_DIR; };
		A2F0EE491743627300F0278C /* UIKit.framework */ = {isa = PBXFileReference; lastKnownFileType = wrapper.framework; name = UIKit.framework; path = System/Library/Frameworks/UIKit.framework; sourceTree = SDKROOT; };
		A2F0EE4B1743627300F0278C /* Foundation.framework */ = {isa = PBXFileReference; lastKnownFileType = wrapper.framework; name = Foundation.framework; path = System/Library/Frameworks/Foundation.framework; sourceTree = SDKROOT; };
		A2F0EE4D1743627300F0278C /* CoreGraphics.framework */ = {isa = PBXFileReference; lastKnownFileType = wrapper.framework; name = CoreGraphics.framework; path = System/Library/Frameworks/CoreGraphics.framework; sourceTree = SDKROOT; };
		A2F0EE511743627300F0278C /* UIImageFun-Info.plist */ = {isa = PBXFileReference; lastKnownFileType = text.plist.xml; path = "UIImageFun-Info.plist"; sourceTree = "<group>"; };
		A2F0EE531743627300F0278C /* en */ = {isa = PBXFileReference; lastKnownFileType = text.plist.strings; name = en; path = en.lproj/InfoPlist.strings; sourceTree = "<group>"; };
		A2F0EE551743627300F0278C /* main.m */ = {isa = PBXFileReference; lastKnownFileType = sourcecode.c.objc; path = main.m; sourceTree = "<group>"; };
		A2F0EE571743627300F0278C /* UIImageFun-Prefix.pch */ = {isa = PBXFileReference; lastKnownFileType = sourcecode.c.h; path = "UIImageFun-Prefix.pch"; sourceTree = "<group>"; };
		A2F0EE581743627300F0278C /* AppDelegate.h */ = {isa = PBXFileReference; lastKnownFileType = sourcecode.c.h; path = AppDelegate.h; sourceTree = "<group>"; };
		A2F0EE591743627300F0278C /* AppDelegate.m */ = {isa = PBXFileReference; lastKnownFileType = sourcecode.c.objc; path = AppDelegate.m; sourceTree = "<group>"; };
		A2F0EE5B1743627300F0278C /* Default.png */ = {isa = PBXFileReference; lastKnownFileType = image.png; path = Default.png; sourceTree = "<group>"; };
		A2F0EE5D1743627300F0278C /* Default@2x.png */ = {isa = PBXFileReference; lastKnownFileType = image.png; path = "Default@2x.png"; sourceTree = "<group>"; };
		A2F0EE5F1743627300F0278C /* Default-568h@2x.png */ = {isa = PBXFileReference; lastKnownFileType = image.png; path = "Default-568h@2x.png"; sourceTree = "<group>"; };
		A2F0EF2F1743682B00F0278C /* explosion1.png */ = {isa = PBXFileReference; lastKnownFileType = image.png; path = explosion1.png; sourceTree = "<group>"; };
		A2F0EF301743682B00F0278C /* explosion10.png */ = {isa = PBXFileReference; lastKnownFileType = image.png; path = explosion10.png; sourceTree = "<group>"; };
		A2F0EF311743682B00F0278C /* explosion11.png */ = {isa = PBXFileReference; lastKnownFileType = image.png; path = explosion11.png; sourceTree = "<group>"; };
		A2F0EF321743682B00F0278C /* explosion12.png */ = {isa = PBXFileReference; lastKnownFileType = image.png; path = explosion12.png; sourceTree = "<group>"; };
		A2F0EF331743682B00F0278C /* explosion13.png */ = {isa = PBXFileReference; lastKnownFileType = image.png; path = explosion13.png; sourceTree = "<group>"; };
		A2F0EF341743682B00F0278C /* explosion14.png */ = {isa = PBXFileReference; lastKnownFileType = image.png; path = explosion14.png; sourceTree = "<group>"; };
		A2F0EF351743682B00F0278C /* explosion15.png */ = {isa = PBXFileReference; lastKnownFileType = image.png; path = explosion15.png; sourceTree = "<group>"; };
		A2F0EF361743682B00F0278C /* explosion16.png */ = {isa = PBXFileReference; lastKnownFileType = image.png; path = explosion16.png; sourceTree = "<group>"; };
		A2F0EF371743682B00F0278C /* explosion17.png */ = {isa = PBXFileReference; lastKnownFileType = image.png; path = explosion17.png; sourceTree = "<group>"; };
		A2F0EF381743682B00F0278C /* explosion18.png */ = {isa = PBXFileReference; lastKnownFileType = image.png; path = explosion18.png; sourceTree = "<group>"; };
		A2F0EF391743682B00F0278C /* explosion19.png */ = {isa = PBXFileReference; lastKnownFileType = image.png; path = explosion19.png; sourceTree = "<group>"; };
		A2F0EF3A1743682B00F0278C /* explosion2.png */ = {isa = PBXFileReference; lastKnownFileType = image.png; path = explosion2.png; sourceTree = "<group>"; };
		A2F0EF3B1743682B00F0278C /* explosion20.png */ = {isa = PBXFileReference; lastKnownFileType = image.png; path = explosion20.png; sourceTree = "<group>"; };
		A2F0EF3C1743682B00F0278C /* explosion21.png */ = {isa = PBXFileReference; lastKnownFileType = image.png; path = explosion21.png; sourceTree = "<group>"; };
		A2F0EF3D1743682B00F0278C /* explosion22.png */ = {isa = PBXFileReference; lastKnownFileType = image.png; path = explosion22.png; sourceTree = "<group>"; };
		A2F0EF3E1743682B00F0278C /* explosion23.png */ = {isa = PBXFileReference; lastKnownFileType = image.png; path = explosion23.png; sourceTree = "<group>"; };
		A2F0EF3F1743682B00F0278C /* explosion24.png */ = {isa = PBXFileReference; lastKnownFileType = image.png; path = explosion24.png; sourceTree = "<group>"; };
		A2F0EF401743682B00F0278C /* explosion25.png */ = {isa = PBXFileReference; lastKnownFileType = image.png; path = explosion25.png; sourceTree = "<group>"; };
		A2F0EF411743682B00F0278C /* explosion26.png */ = {isa = PBXFileReference; lastKnownFileType = image.png; path = explosion26.png; sourceTree = "<group>"; };
		A2F0EF421743682B00F0278C /* explosion27.png */ = {isa = PBXFileReference; lastKnownFileType = image.png; path = explosion27.png; sourceTree = "<group>"; };
		A2F0EF431743682B00F0278C /* explosion28.png */ = {isa = PBXFileReference; lastKnownFileType = image.png; path = explosion28.png; sourceTree = "<group>"; };
		A2F0EF441743682B00F0278C /* explosion29.png */ = {isa = PBXFileReference; lastKnownFileType = image.png; path = explosion29.png; sourceTree = "<group>"; };
		A2F0EF451743682B00F0278C /* explosion3.png */ = {isa = PBXFileReference; lastKnownFileType = image.png; path = explosion3.png; sourceTree = "<group>"; };
		A2F0EF461743682B00F0278C /* explosion30.png */ = {isa = PBXFileReference; lastKnownFileType = image.png; path = explosion30.png; sourceTree = "<group>"; };
		A2F0EF471743682B00F0278C /* explosion31.png */ = {isa = PBXFileReference; lastKnownFileType = image.png; path = explosion31.png; sourceTree = "<group>"; };
		A2F0EF481743682B00F0278C /* explosion32.png */ = {isa = PBXFileReference; lastKnownFileType = image.png; path = explosion32.png; sourceTree = "<group>"; };
		A2F0EF491743682B00F0278C /* explosion33.png */ = {isa = PBXFileReference; lastKnownFileType = image.png; path = explosion33.png; sourceTree = "<group>"; };
		A2F0EF4A1743682B00F0278C /* explosion34.png */ = {isa = PBXFileReference; lastKnownFileType = image.png; path = explosion34.png; sourceTree = "<group>"; };
		A2F0EF4B1743682B00F0278C /* explosion35.png */ = {isa = PBXFileReference; lastKnownFileType = image.png; path = explosion35.png; sourceTree = "<group>"; };
		A2F0EF4C1743682B00F0278C /* explosion36.png */ = {isa = PBXFileReference; lastKnownFileType = image.png; path = explosion36.png; sourceTree = "<group>"; };
		A2F0EF4D1743682B00F0278C /* explosion37.png */ = {isa = PBXFileReference; lastKnownFileType = image.png; path = explosion37.png; sourceTree = "<group>"; };
		A2F0EF4E1743682B00F0278C /* explosion38.png */ = {isa = PBXFileReference; lastKnownFileType = image.png; path = explosion38.png; sourceTree = "<group>"; };
		A2F0EF4F1743682B00F0278C /* explosion39.png */ = {isa = PBXFileReference; lastKnownFileType = image.png; path = explosion39.png; sourceTree = "<group>"; };
		A2F0EF501743682B00F0278C /* explosion4.png */ = {isa = PBXFileReference; lastKnownFileType = image.png; path = explosion4.png; sourceTree = "<group>"; };
		A2F0EF511743682B00F0278C /* explosion40.png */ = {isa = PBXFileReference; lastKnownFileType = image.png; path = explosion40.png; sourceTree = "<group>"; };
		A2F0EF521743682B00F0278C /* explosion41.png */ = {isa = PBXFileReference; lastKnownFileType = image.png; path = explosion41.png; sourceTree = "<group>"; };
		A2F0EF531743682B00F0278C /* explosion42.png */ = {isa = PBXFileReference; lastKnownFileType = image.png; path = explosion42.png; sourceTree = "<group>"; };
		A2F0EF541743682B00F0278C /* explosion43.png */ = {isa = PBXFileReference; lastKnownFileType = image.png; path = explosion43.png; sourceTree = "<group>"; };
		A2F0EF551743682B00F0278C /* explosion44.png */ = {isa = PBXFileReference; lastKnownFileType = image.png; path = explosion44.png; sourceTree = "<group>"; };
		A2F0EF561743682B00F0278C /* explosion45.png */ = {isa = PBXFileReference; lastKnownFileType = image.png; path = explosion45.png; sourceTree = "<group>"; };
		A2F0EF571743682B00F0278C /* explosion46.png */ = {isa = PBXFileReference; lastKnownFileType = image.png; path = explosion46.png; sourceTree = "<group>"; };
		A2F0EF581743682B00F0278C /* explosion47.png */ = {isa = PBXFileReference; lastKnownFileType = image.png; path = explosion47.png; sourceTree = "<group>"; };
		A2F0EF591743682B00F0278C /* explosion48.png */ = {isa = PBXFileReference; lastKnownFileType = image.png; path = explosion48.png; sourceTree = "<group>"; };
		A2F0EF5A1743682B00F0278C /* explosion49.png */ = {isa = PBXFileReference; lastKnownFileType = image.png; path = explosion49.png; sourceTree = "<group>"; };
		A2F0EF5B1743682B00F0278C /* explosion5.png */ = {isa = PBXFileReference; lastKnownFileType = image.png; path = explosion5.png; sourceTree = "<group>"; };
		A2F0EF5C1743682B00F0278C /* explosion50.png */ = {isa = PBXFileReference; lastKnownFileType = image.png; path = explosion50.png; sourceTree = "<group>"; };
		A2F0EF5D1743682B00F0278C /* explosion51.png */ = {isa = PBXFileReference; lastKnownFileType = image.png; path = explosion51.png; sourceTree = "<group>"; };
		A2F0EF5E1743682B00F0278C /* explosion52.png */ = {isa = PBXFileReference; lastKnownFileType = image.png; path = explosion52.png; sourceTree = "<group>"; };
		A2F0EF5F1743682B00F0278C /* explosion53.png */ = {isa = PBXFileReference; lastKnownFileType = image.png; path = explosion53.png; sourceTree = "<group>"; };
		A2F0EF601743682B00F0278C /* explosion54.png */ = {isa = PBXFileReference; lastKnownFileType = image.png; path = explosion54.png; sourceTree = "<group>"; };
		A2F0EF611743682B00F0278C /* explosion55.png */ = {isa = PBXFileReference; lastKnownFileType = image.png; path = explosion55.png; sourceTree = "<group>"; };
		A2F0EF621743682B00F0278C /* explosion56.png */ = {isa = PBXFileReference; lastKnownFileType = image.png; path = explosion56.png; sourceTree = "<group>"; };
		A2F0EF631743682B00F0278C /* explosion57.png */ = {isa = PBXFileReference; lastKnownFileType = image.png; path = explosion57.png; sourceTree = "<group>"; };
		A2F0EF641743682B00F0278C /* explosion58.png */ = {isa = PBXFileReference; lastKnownFileType = image.png; path = explosion58.png; sourceTree = "<group>"; };
		A2F0EF651743682B00F0278C /* explosion59.png */ = {isa = PBXFileReference; lastKnownFileType = image.png; path = explosion59.png; sourceTree = "<group>"; };
		A2F0EF661743682B00F0278C /* explosion6.png */ = {isa = PBXFileReference; lastKnownFileType = image.png; path = explosion6.png; sourceTree = "<group>"; };
		A2F0EF671743682B00F0278C /* explosion60.png */ = {isa = PBXFileReference; lastKnownFileType = image.png; path = explosion60.png; sourceTree = "<group>"; };
		A2F0EF681743682B00F0278C /* explosion61.png */ = {isa = PBXFileReference; lastKnownFileType = image.png; path = explosion61.png; sourceTree = "<group>"; };
		A2F0EF691743682B00F0278C /* explosion62.png */ = {isa = PBXFileReference; lastKnownFileType = image.png; path = explosion62.png; sourceTree = "<group>"; };
		A2F0EF6A1743682B00F0278C /* explosion63.png */ = {isa = PBXFileReference; lastKnownFileType = image.png; path = explosion63.png; sourceTree = "<group>"; };
		A2F0EF6B1743682B00F0278C /* explosion64.png */ = {isa = PBXFileReference; lastKnownFileType = image.png; path = explosion64.png; sourceTree = "<group>"; };
		A2F0EF6C1743682C00F0278C /* explosion65.png */ = {isa = PBXFileReference; lastKnownFileType = image.png; path = explosion65.png; sourceTree = "<group>"; };
		A2F0EF6D1743682C00F0278C /* explosion66.png */ = {isa = PBXFileReference; lastKnownFileType = image.png; path = explosion66.png; sourceTree = "<group>"; };
		A2F0EF6E1743682C00F0278C /* explosion67.png */ = {isa = PBXFileReference; lastKnownFileType = image.png; path = explosion67.png; sourceTree = "<group>"; };
		A2F0EF6F1743682C00F0278C /* explosion68.png */ = {isa = PBXFileReference; lastKnownFileType = image.png; path = explosion68.png; sourceTree = "<group>"; };
		A2F0EF701743682C00F0278C /* explosion69.png */ = {isa = PBXFileReference; lastKnownFileType = image.png; path = explosion69.png; sourceTree = "<group>"; };
		A2F0EF711743682C00F0278C /* explosion7.png */ = {isa = PBXFileReference; lastKnownFileType = image.png; path = explosion7.png; sourceTree = "<group>"; };
		A2F0EF721743682C00F0278C /* explosion70.png */ = {isa = PBXFileReference; lastKnownFileType = image.png; path = explosion70.png; sourceTree = "<group>"; };
		A2F0EF731743682C00F0278C /* explosion71.png */ = {isa = PBXFileReference; lastKnownFileType = image.png; path = explosion71.png; sourceTree = "<group>"; };
		A2F0EF741743682C00F0278C /* explosion72.png */ = {isa = PBXFileReference; lastKnownFileType = image.png; path = explosion72.png; sourceTree = "<group>"; };
		A2F0EF751743682C00F0278C /* explosion73.png */ = {isa = PBXFileReference; lastKnownFileType = image.png; path = explosion73.png; sourceTree = "<group>"; };
		A2F0EF761743682C00F0278C /* explosion74.png */ = {isa = PBXFileReference; lastKnownFileType = image.png; path = explosion74.png; sourceTree = "<group>"; };
		A2F0EF771743682C00F0278C /* explosion75.png */ = {isa = PBXFileReference; lastKnownFileType = image.png; path = explosion75.png; sourceTree = "<group>"; };
		A2F0EF781743682C00F0278C /* explosion76.png */ = {isa = PBXFileReference; lastKnownFileType = image.png; path = explosion76.png; sourceTree = "<group>"; };
		A2F0EF791743682C00F0278C /* explosion77.png */ = {isa = PBXFileReference; lastKnownFileType = image.png; path = explosion77.png; sourceTree = "<group>"; };
		A2F0EF7A1743682C00F0278C /* explosion78.png */ = {isa = PBXFileReference; lastKnownFileType = image.png; path = explosion78.png; sourceTree = "<group>"; };
		A2F0EF7B1743682C00F0278C /* explosion79.png */ = {isa = PBXFileReference; lastKnownFileType = image.png; path = explosion79.png; sourceTree = "<group>"; };
		A2F0EF7C1743682C00F0278C /* explosion8.png */ = {isa = PBXFileReference; lastKnownFileType = image.png; path = explosion8.png; sourceTree = "<group>"; };
		A2F0EF7D1743682C00F0278C /* explosion80.png */ = {isa = PBXFileReference; lastKnownFileType = image.png; path = explosion80.png; sourceTree = "<group>"; };
		A2F0EF7E1743682C00F0278C /* explosion81.png */ = {isa = PBXFileReference; lastKnownFileType = image.png; path = explosion81.png; sourceTree = "<group>"; };
		A2F0EF7F1743682C00F0278C /* explosion9.png */ = {isa = PBXFileReference; lastKnownFileType = image.png; path = explosion9.png; sourceTree = "<group>"; };
		A2F0EF801743682C00F0278C /* rock1.png */ = {isa = PBXFileReference; lastKnownFileType = image.png; path = rock1.png; sourceTree = "<group>"; };
		A2F0EF811743682C00F0278C /* rock1@2x.png */ = {isa = PBXFileReference; lastKnownFileType = image.png; path = "rock1@2x.png"; sourceTree = "<group>"; };
		A2F0EF821743682C00F0278C /* rock2.png */ = {isa = PBXFileReference; lastKnownFileType = image.png; path = rock2.png; sourceTree = "<group>"; };
		A2F0EF831743682C00F0278C /* rock2@2x.png */ = {isa = PBXFileReference; lastKnownFileType = image.png; path = "rock2@2x.png"; sourceTree = "<group>"; };
		A2F0EF841743682C00F0278C /* rock3.png */ = {isa = PBXFileReference; lastKnownFileType = image.png; path = rock3.png; sourceTree = "<group>"; };
		A2F0EF851743682C00F0278C /* rock3@2x.png */ = {isa = PBXFileReference; lastKnownFileType = image.png; path = "rock3@2x.png"; sourceTree = "<group>"; };
		A2F0EF861743682C00F0278C /* rock4.png */ = {isa = PBXFileReference; lastKnownFileType = image.png; path = rock4.png; sourceTree = "<group>"; };
		A2F0EF871743682C00F0278C /* rock4@2x.png */ = {isa = PBXFileReference; lastKnownFileType = image.png; path = "rock4@2x.png"; sourceTree = "<group>"; };
		A2F0EF881743682C00F0278C /* rock5.png */ = {isa = PBXFileReference; lastKnownFileType = image.png; path = rock5.png; sourceTree = "<group>"; };
		A2F0EF891743682C00F0278C /* rock5@2x.png */ = {isa = PBXFileReference; lastKnownFileType = image.png; path = "rock5@2x.png"; sourceTree = "<group>"; };
		A2F0EF8A1743682C00F0278C /* rock6.png */ = {isa = PBXFileReference; lastKnownFileType = image.png; path = rock6.png; sourceTree = "<group>"; };
		A2F0EF8B1743682C00F0278C /* rock6@2x.png */ = {isa = PBXFileReference; lastKnownFileType = image.png; path = "rock6@2x.png"; sourceTree = "<group>"; };
		A2F0EF8C1743682C00F0278C /* rock7.png */ = {isa = PBXFileReference; lastKnownFileType = image.png; path = rock7.png; sourceTree = "<group>"; };
		A2F0EF8D1743682C00F0278C /* rock7@2x.png */ = {isa = PBXFileReference; lastKnownFileType = image.png; path = "rock7@2x.png"; sourceTree = "<group>"; };
		A2F0EF8E1743682C00F0278C /* rock8.png */ = {isa = PBXFileReference; lastKnownFileType = image.png; path = rock8.png; sourceTree = "<group>"; };
		A2F0EF8F1743682C00F0278C /* rock8@2x.png */ = {isa = PBXFileReference; lastKnownFileType = image.png; path = "rock8@2x.png"; sourceTree = "<group>"; };
		A2F0EF901743682C00F0278C /* rock9.png */ = {isa = PBXFileReference; lastKnownFileType = image.png; path = rock9.png; sourceTree = "<group>"; };
		A2F0EF911743682C00F0278C /* rock9@2x.png */ = {isa = PBXFileReference; lastKnownFileType = image.png; path = "rock9@2x.png"; sourceTree = "<group>"; };
		A2F0EF921743682C00F0278C /* squeezednote.png */ = {isa = PBXFileReference; lastKnownFileType = image.png; path = squeezednote.png; sourceTree = "<group>"; };
		A2F0EFF717436BB300F0278C /* ViewController.h */ = {isa = PBXFileReference; fileEncoding = 4; lastKnownFileType = sourcecode.c.h; name = ViewController.h; path = UIImageFun/ViewController.h; sourceTree = "<group>"; };
		A2F0EFF817436BB300F0278C /* ViewController.m */ = {isa = PBXFileReference; fileEncoding = 4; lastKnownFileType = sourcecode.c.objc; name = ViewController.m; path = UIImageFun/ViewController.m; sourceTree = "<group>"; };
		A2F0EFFA1743724200F0278C /* Note.h */ = {isa = PBXFileReference; fileEncoding = 4; lastKnownFileType = sourcecode.c.h; name = Note.h; path = UIImageFun/Note.h; sourceTree = "<group>"; };
		A2F0EFFB1743724200F0278C /* Note.m */ = {isa = PBXFileReference; fileEncoding = 4; lastKnownFileType = sourcecode.c.objc; name = Note.m; path = UIImageFun/Note.m; sourceTree = "<group>"; };
/* End PBXFileReference section */

/* Begin PBXFrameworksBuildPhase section */
		A2F0EE431743627300F0278C /* Frameworks */ = {
			isa = PBXFrameworksBuildPhase;
			buildActionMask = 2147483647;
			files = (
				A2F0EE4A1743627300F0278C /* UIKit.framework in Frameworks */,
				A2F0EE4C1743627300F0278C /* Foundation.framework in Frameworks */,
				A2F0EE4E1743627300F0278C /* CoreGraphics.framework in Frameworks */,
			);
			runOnlyForDeploymentPostprocessing = 0;
		};
/* End PBXFrameworksBuildPhase section */

/* Begin PBXGroup section */
		A2F0EE3D1743627300F0278C = {
			isa = PBXGroup;
			children = (
				A2F0EFFA1743724200F0278C /* Note.h */,
				A2F0EFFB1743724200F0278C /* Note.m */,
				A2F0EFF717436BB300F0278C /* ViewController.h */,
				A2F0EFF817436BB300F0278C /* ViewController.m */,
				A2F0EF2E1743682B00F0278C /* Images */,
				A2F0EE4F1743627300F0278C /* UIImageFun */,
				A2F0EE481743627300F0278C /* Frameworks */,
				A2F0EE471743627300F0278C /* Products */,
			);
			sourceTree = "<group>";
		};
		A2F0EE471743627300F0278C /* Products */ = {
			isa = PBXGroup;
			children = (
				A2F0EE461743627300F0278C /* UIImageFun.app */,
			);
			name = Products;
			sourceTree = "<group>";
		};
		A2F0EE481743627300F0278C /* Frameworks */ = {
			isa = PBXGroup;
			children = (
				A2F0EE491743627300F0278C /* UIKit.framework */,
				A2F0EE4B1743627300F0278C /* Foundation.framework */,
				A2F0EE4D1743627300F0278C /* CoreGraphics.framework */,
			);
			name = Frameworks;
			sourceTree = "<group>";
		};
		A2F0EE4F1743627300F0278C /* UIImageFun */ = {
			isa = PBXGroup;
			children = (
				A2F0EE581743627300F0278C /* AppDelegate.h */,
				A2F0EE591743627300F0278C /* AppDelegate.m */,
				A2F0EE501743627300F0278C /* Supporting Files */,
			);
			path = UIImageFun;
			sourceTree = "<group>";
		};
		A2F0EE501743627300F0278C /* Supporting Files */ = {
			isa = PBXGroup;
			children = (
				A2F0EE511743627300F0278C /* UIImageFun-Info.plist */,
				A2F0EE521743627300F0278C /* InfoPlist.strings */,
				A2F0EE551743627300F0278C /* main.m */,
				A2F0EE571743627300F0278C /* UIImageFun-Prefix.pch */,
				A2F0EE5B1743627300F0278C /* Default.png */,
				A2F0EE5D1743627300F0278C /* Default@2x.png */,
				A2F0EE5F1743627300F0278C /* Default-568h@2x.png */,
			);
			name = "Supporting Files";
			sourceTree = "<group>";
		};
		A2F0EF2E1743682B00F0278C /* Images */ = {
			isa = PBXGroup;
			children = (
				A2F0EF2F1743682B00F0278C /* explosion1.png */,
				A2F0EF301743682B00F0278C /* explosion10.png */,
				A2F0EF311743682B00F0278C /* explosion11.png */,
				A2F0EF321743682B00F0278C /* explosion12.png */,
				A2F0EF331743682B00F0278C /* explosion13.png */,
				A2F0EF341743682B00F0278C /* explosion14.png */,
				A2F0EF351743682B00F0278C /* explosion15.png */,
				A2F0EF361743682B00F0278C /* explosion16.png */,
				A2F0EF371743682B00F0278C /* explosion17.png */,
				A2F0EF381743682B00F0278C /* explosion18.png */,
				A2F0EF391743682B00F0278C /* explosion19.png */,
				A2F0EF3A1743682B00F0278C /* explosion2.png */,
				A2F0EF3B1743682B00F0278C /* explosion20.png */,
				A2F0EF3C1743682B00F0278C /* explosion21.png */,
				A2F0EF3D1743682B00F0278C /* explosion22.png */,
				A2F0EF3E1743682B00F0278C /* explosion23.png */,
				A2F0EF3F1743682B00F0278C /* explosion24.png */,
				A2F0EF401743682B00F0278C /* explosion25.png */,
				A2F0EF411743682B00F0278C /* explosion26.png */,
				A2F0EF421743682B00F0278C /* explosion27.png */,
				A2F0EF431743682B00F0278C /* explosion28.png */,
				A2F0EF441743682B00F0278C /* explosion29.png */,
				A2F0EF451743682B00F0278C /* explosion3.png */,
				A2F0EF461743682B00F0278C /* explosion30.png */,
				A2F0EF471743682B00F0278C /* explosion31.png */,
				A2F0EF481743682B00F0278C /* explosion32.png */,
				A2F0EF491743682B00F0278C /* explosion33.png */,
				A2F0EF4A1743682B00F0278C /* explosion34.png */,
				A2F0EF4B1743682B00F0278C /* explosion35.png */,
				A2F0EF4C1743682B00F0278C /* explosion36.png */,
				A2F0EF4D1743682B00F0278C /* explosion37.png */,
				A2F0EF4E1743682B00F0278C /* explosion38.png */,
				A2F0EF4F1743682B00F0278C /* explosion39.png */,
				A2F0EF501743682B00F0278C /* explosion4.png */,
				A2F0EF511743682B00F0278C /* explosion40.png */,
				A2F0EF521743682B00F0278C /* explosion41.png */,
				A2F0EF531743682B00F0278C /* explosion42.png */,
				A2F0EF541743682B00F0278C /* explosion43.png */,
				A2F0EF551743682B00F0278C /* explosion44.png */,
				A2F0EF561743682B00F0278C /* explosion45.png */,
				A2F0EF571743682B00F0278C /* explosion46.png */,
				A2F0EF581743682B00F0278C /* explosion47.png */,
				A2F0EF591743682B00F0278C /* explosion48.png */,
				A2F0EF5A1743682B00F0278C /* explosion49.png */,
				A2F0EF5B1743682B00F0278C /* explosion5.png */,
				A2F0EF5C1743682B00F0278C /* explosion50.png */,
				A2F0EF5D1743682B00F0278C /* explosion51.png */,
				A2F0EF5E1743682B00F0278C /* explosion52.png */,
				A2F0EF5F1743682B00F0278C /* explosion53.png */,
				A2F0EF601743682B00F0278C /* explosion54.png */,
				A2F0EF611743682B00F0278C /* explosion55.png */,
				A2F0EF621743682B00F0278C /* explosion56.png */,
				A2F0EF631743682B00F0278C /* explosion57.png */,
				A2F0EF641743682B00F0278C /* explosion58.png */,
				A2F0EF651743682B00F0278C /* explosion59.png */,
				A2F0EF661743682B00F0278C /* explosion6.png */,
				A2F0EF671743682B00F0278C /* explosion60.png */,
				A2F0EF681743682B00F0278C /* explosion61.png */,
				A2F0EF691743682B00F0278C /* explosion62.png */,
				A2F0EF6A1743682B00F0278C /* explosion63.png */,
				A2F0EF6B1743682B00F0278C /* explosion64.png */,
				A2F0EF6C1743682C00F0278C /* explosion65.png */,
				A2F0EF6D1743682C00F0278C /* explosion66.png */,
				A2F0EF6E1743682C00F0278C /* explosion67.png */,
				A2F0EF6F1743682C00F0278C /* explosion68.png */,
				A2F0EF701743682C00F0278C /* explosion69.png */,
				A2F0EF711743682C00F0278C /* explosion7.png */,
				A2F0EF721743682C00F0278C /* explosion70.png */,
				A2F0EF731743682C00F0278C /* explosion71.png */,
				A2F0EF741743682C00F0278C /* explosion72.png */,
				A2F0EF751743682C00F0278C /* explosion73.png */,
				A2F0EF761743682C00F0278C /* explosion74.png */,
				A2F0EF771743682C00F0278C /* explosion75.png */,
				A2F0EF781743682C00F0278C /* explosion76.png */,
				A2F0EF791743682C00F0278C /* explosion77.png */,
				A2F0EF7A1743682C00F0278C /* explosion78.png */,
				A2F0EF7B1743682C00F0278C /* explosion79.png */,
				A2F0EF7C1743682C00F0278C /* explosion8.png */,
				A2F0EF7D1743682C00F0278C /* explosion80.png */,
				A2F0EF7E1743682C00F0278C /* explosion81.png */,
				A2F0EF7F1743682C00F0278C /* explosion9.png */,
				A2F0EF801743682C00F0278C /* rock1.png */,
				A2F0EF811743682C00F0278C /* rock1@2x.png */,
				A2F0EF821743682C00F0278C /* rock2.png */,
				A2F0EF831743682C00F0278C /* rock2@2x.png */,
				A2F0EF841743682C00F0278C /* rock3.png */,
				A2F0EF851743682C00F0278C /* rock3@2x.png */,
				A2F0EF861743682C00F0278C /* rock4.png */,
				A2F0EF871743682C00F0278C /* rock4@2x.png */,
				A2F0EF881743682C00F0278C /* rock5.png */,
				A2F0EF891743682C00F0278C /* rock5@2x.png */,
				A2F0EF8A1743682C00F0278C /* rock6.png */,
				A2F0EF8B1743682C00F0278C /* rock6@2x.png */,
				A2F0EF8C1743682C00F0278C /* rock7.png */,
				A2F0EF8D1743682C00F0278C /* rock7@2x.png */,
				A2F0EF8E1743682C00F0278C /* rock8.png */,
				A2F0EF8F1743682C00F0278C /* rock8@2x.png */,
				A2F0EF901743682C00F0278C /* rock9.png */,
				A2F0EF911743682C00F0278C /* rock9@2x.png */,
				A2F0EF921743682C00F0278C /* squeezednote.png */,
			);
			path = Images;
			sourceTree = "<group>";
		};
/* End PBXGroup section */

/* Begin PBXNativeTarget section */
		A2F0EE451743627300F0278C /* UIImageFun */ = {
			isa = PBXNativeTarget;
			buildConfigurationList = A2F0EE631743627300F0278C /* Build configuration list for PBXNativeTarget "UIImageFun" */;
			buildPhases = (
				A2F0EE421743627300F0278C /* Sources */,
				A2F0EE431743627300F0278C /* Frameworks */,
				A2F0EE441743627300F0278C /* Resources */,
			);
			buildRules = (
			);
			dependencies = (
			);
			name = UIImageFun;
			productName = UIImageFun;
			productReference = A2F0EE461743627300F0278C /* UIImageFun.app */;
			productType = "com.apple.product-type.application";
		};
/* End PBXNativeTarget section */

/* Begin PBXProject section */
		A2F0EE3E1743627300F0278C /* Project object */ = {
			isa = PBXProject;
			attributes = {
				LastUpgradeCheck = 0460;
				ORGANIZATIONNAME = AK;
			};
			buildConfigurationList = A2F0EE411743627300F0278C /* Build configuration list for PBXProject "UIImageFun" */;
			compatibilityVersion = "Xcode 3.2";
			developmentRegion = English;
			hasScannedForEncodings = 0;
			knownRegions = (
				en,
			);
			mainGroup = A2F0EE3D1743627300F0278C;
			productRefGroup = A2F0EE471743627300F0278C /* Products */;
			projectDirPath = "";
			projectRoot = "";
			targets = (
				A2F0EE451743627300F0278C /* UIImageFun */,
			);
		};
/* End PBXProject section */

/* Begin PBXResourcesBuildPhase section */
		A2F0EE441743627300F0278C /* Resources */ = {
			isa = PBXResourcesBuildPhase;
			buildActionMask = 2147483647;
			files = (
				A2F0EE541743627300F0278C /* InfoPlist.strings in Resources */,
				A2F0EE5C1743627300F0278C /* Default.png in Resources */,
				A2F0EE5E1743627300F0278C /* Default@2x.png in Resources */,
				A2F0EE601743627300F0278C /* Default-568h@2x.png in Resources */,
				A2F0EF931743682C00F0278C /* explosion1.png in Resources */,
				A2F0EF941743682C00F0278C /* explosion10.png in Resources */,
				A2F0EF951743682C00F0278C /* explosion11.png in Resources */,
				A2F0EF961743682C00F0278C /* explosion12.png in Resources */,
				A2F0EF971743682C00F0278C /* explosion13.png in Resources */,
				A2F0EF981743682C00F0278C /* explosion14.png in Resources */,
				A2F0EF991743682C00F0278C /* explosion15.png in Resources */,
				A2F0EF9A1743682C00F0278C /* explosion16.png in Resources */,
				A2F0EF9B1743682C00F0278C /* explosion17.png in Resources */,
				A2F0EF9C1743682C00F0278C /* explosion18.png in Resources */,
				A2F0EF9D1743682C00F0278C /* explosion19.png in Resources */,
				A2F0EF9E1743682C00F0278C /* explosion2.png in Resources */,
				A2F0EF9F1743682C00F0278C /* explosion20.png in Resources */,
				A2F0EFA01743682C00F0278C /* explosion21.png in Resources */,
				A2F0EFA11743682C00F0278C /* explosion22.png in Resources */,
				A2F0EFA21743682C00F0278C /* explosion23.png in Resources */,
				A2F0EFA31743682C00F0278C /* explosion24.png in Resources */,
				A2F0EFA41743682C00F0278C /* explosion25.png in Resources */,
				A2F0EFA51743682C00F0278C /* explosion26.png in Resources */,
				A2F0EFA61743682C00F0278C /* explosion27.png in Resources */,
				A2F0EFA71743682C00F0278C /* explosion28.png in Resources */,
				A2F0EFA81743682C00F0278C /* explosion29.png in Resources */,
				A2F0EFA91743682C00F0278C /* explosion3.png in Resources */,
				A2F0EFAA1743682C00F0278C /* explosion30.png in Resources */,
				A2F0EFAB1743682C00F0278C /* explosion31.png in Resources */,
				A2F0EFAC1743682C00F0278C /* explosion32.png in Resources */,
				A2F0EFAD1743682C00F0278C /* explosion33.png in Resources */,
				A2F0EFAE1743682C00F0278C /* explosion34.png in Resources */,
				A2F0EFAF1743682C00F0278C /* explosion35.png in Resources */,
				A2F0EFB01743682C00F0278C /* explosion36.png in Resources */,
				A2F0EFB11743682C00F0278C /* explosion37.png in Resources */,
				A2F0EFB21743682C00F0278C /* explosion38.png in Resources */,
				A2F0EFB31743682C00F0278C /* explosion39.png in Resources */,
				A2F0EFB41743682C00F0278C /* explosion4.png in Resources */,
				A2F0EFB51743682C00F0278C /* explosion40.png in Resources */,
				A2F0EFB61743682C00F0278C /* explosion41.png in Resources */,
				A2F0EFB71743682C00F0278C /* explosion42.png in Resources */,
				A2F0EFB81743682C00F0278C /* explosion43.png in Resources */,
				A2F0EFB91743682C00F0278C /* explosion44.png in Resources */,
				A2F0EFBA1743682C00F0278C /* explosion45.png in Resources */,
				A2F0EFBB1743682C00F0278C /* explosion46.png in Resources */,
				A2F0EFBC1743682C00F0278C /* explosion47.png in Resources */,
				A2F0EFBD1743682C00F0278C /* explosion48.png in Resources */,
				A2F0EFBE1743682C00F0278C /* explosion49.png in Resources */,
				A2F0EFBF1743682C00F0278C /* explosion5.png in Resources */,
				A2F0EFC01743682C00F0278C /* explosion50.png in Resources */,
				A2F0EFC11743682C00F0278C /* explosion51.png in Resources */,
				A2F0EFC21743682C00F0278C /* explosion52.png in Resources */,
				A2F0EFC31743682C00F0278C /* explosion53.png in Resources */,
				A2F0EFC41743682C00F0278C /* explosion54.png in Resources */,
				A2F0EFC51743682C00F0278C /* explosion55.png in Resources */,
				A2F0EFC61743682C00F0278C /* explosion56.png in Resources */,
				A2F0EFC71743682C00F0278C /* explosion57.png in Resources */,
				A2F0EFC81743682C00F0278C /* explosion58.png in Resources */,
				A2F0EFC91743682C00F0278C /* explosion59.png in Resources */,
				A2F0EFCA1743682C00F0278C /* explosion6.png in Resources */,
				A2F0EFCB1743682C00F0278C /* explosion60.png in Resources */,
				A2F0EFCC1743682C00F0278C /* explosion61.png in Resources */,
				A2F0EFCD1743682C00F0278C /* explosion62.png in Resources */,
				A2F0EFCE1743682C00F0278C /* explosion63.png in Resources */,
				A2F0EFCF1743682C00F0278C /* explosion64.png in Resources */,
				A2F0EFD01743682C00F0278C /* explosion65.png in Resources */,
				A2F0EFD11743682C00F0278C /* explosion66.png in Resources */,
				A2F0EFD21743682C00F0278C /* explosion67.png in Resources */,
				A2F0EFD31743682C00F0278C /* explosion68.png in Resources */,
				A2F0EFD41743682C00F0278C /* explosion69.png in Resources */,
				A2F0EFD51743682C00F0278C /* explosion7.png in Resources */,
				A2F0EFD61743682C00F0278C /* explosion70.png in Resources */,
				A2F0EFD71743682C00F0278C /* explosion71.png in Resources */,
				A2F0EFD81743682C00F0278C /* explosion72.png in Resources */,
				A2F0EFD91743682C00F0278C /* explosion73.png in Resources */,
				A2F0EFDA1743682C00F0278C /* explosion74.png in Resources */,
				A2F0EFDB1743682C00F0278C /* explosion75.png in Resources */,
				A2F0EFDC1743682C00F0278C /* explosion76.png in Resources */,
				A2F0EFDD1743682C00F0278C /* explosion77.png in Resources */,
				A2F0EFDE1743682C00F0278C /* explosion78.png in Resources */,
				A2F0EFDF1743682C00F0278C /* explosion79.png in Resources */,
				A2F0EFE01743682C00F0278C /* explosion8.png in Resources */,
				A2F0EFE11743682C00F0278C /* explosion80.png in Resources */,
				A2F0EFE21743682C00F0278C /* explosion81.png in Resources */,
				A2F0EFE31743682C00F0278C /* explosion9.png in Resources */,
				A2F0EFE41743682C00F0278C /* rock1.png in Resources */,
				A2F0EFE51743682C00F0278C /* rock1@2x.png in Resources */,
				A2F0EFE61743682C00F0278C /* rock2.png in Resources */,
				A2F0EFE71743682C00F0278C /* rock2@2x.png in Resources */,
				A2F0EFE81743682C00F0278C /* rock3.png in Resources */,
				A2F0EFE91743682C00F0278C /* rock3@2x.png in Resources */,
				A2F0EFEA1743682C00F0278C /* rock4.png in Resources */,
				A2F0EFEB1743682C00F0278C /* rock4@2x.png in Resources */,
				A2F0EFEC1743682C00F0278C /* rock5.png in Resources */,
				A2F0EFED1743682C00F0278C /* rock5@2x.png in Resources */,
				A2F0EFEE1743682C00F0278C /* rock6.png in Resources */,
				A2F0EFEF1743682C00F0278C /* rock6@2x.png in Resources */,
				A2F0EFF01743682C00F0278C /* rock7.png in Resources */,
				A2F0EFF11743682C00F0278C /* rock7@2x.png in Resources */,
				A2F0EFF21743682C00F0278C /* rock8.png in Resources */,
				A2F0EFF31743682C00F0278C /* rock8@2x.png in Resources */,
				A2F0EFF41743682C00F0278C /* rock9.png in Resources */,
				A2F0EFF51743682C00F0278C /* rock9@2x.png in Resources */,
				A2F0EFF61743682C00F0278C /* squeezednote.png in Resources */,
			);
			runOnlyForDeploymentPostprocessing = 0;
		};
/* End PBXResourcesBuildPhase section */

/* Begin PBXSourcesBuildPhase section */
		A2F0EE421743627300F0278C /* Sources */ = {
			isa = PBXSourcesBuildPhase;
			buildActionMask = 2147483647;
			files = (
				A2F0EE561743627300F0278C /* main.m in Sources */,
				A2F0EE5A1743627300F0278C /* AppDelegate.m in Sources */,
				A2F0EFF917436BB300F0278C /* ViewController.m in Sources */,
				A2F0EFFC1743724200F0278C /* Note.m in Sources */,
			);
			runOnlyForDeploymentPostprocessing = 0;
		};
/* End PBXSourcesBuildPhase section */

/* Begin PBXVariantGroup section */
		A2F0EE521743627300F0278C /* InfoPlist.strings */ = {
			isa = PBXVariantGroup;
			children = (
				A2F0EE531743627300F0278C /* en */,
			);
			name = InfoPlist.strings;
			sourceTree = "<group>";
		};
/* End PBXVariantGroup section */

/* Begin XCBuildConfiguration section */
		A2F0EE611743627300F0278C /* Debug */ = {
			isa = XCBuildConfiguration;
			buildSettings = {
				ALWAYS_SEARCH_USER_PATHS = NO;
				CLANG_CXX_LANGUAGE_STANDARD = "gnu++0x";
				CLANG_CXX_LIBRARY = "libc++";
				CLANG_ENABLE_OBJC_ARC = YES;
				CLANG_WARN_CONSTANT_CONVERSION = YES;
				CLANG_WARN_EMPTY_BODY = YES;
				CLANG_WARN_ENUM_CONVERSION = YES;
				CLANG_WARN_INT_CONVERSION = YES;
				CLANG_WARN__DUPLICATE_METHOD_MATCH = YES;
				"CODE_SIGN_IDENTITY[sdk=iphoneos*]" = "iPhone Developer";
				COPY_PHASE_STRIP = NO;
				GCC_C_LANGUAGE_STANDARD = gnu99;
				GCC_DYNAMIC_NO_PIC = NO;
				GCC_OPTIMIZATION_LEVEL = 0;
				GCC_PREPROCESSOR_DEFINITIONS = (
					"DEBUG=1",
					"$(inherited)",
				);
				GCC_SYMBOLS_PRIVATE_EXTERN = NO;
				GCC_WARN_ABOUT_RETURN_TYPE = YES;
				GCC_WARN_UNINITIALIZED_AUTOS = YES;
				GCC_WARN_UNUSED_VARIABLE = YES;
				IPHONEOS_DEPLOYMENT_TARGET = 6.1;
				ONLY_ACTIVE_ARCH = YES;
				SDKROOT = iphoneos;
				TARGETED_DEVICE_FAMILY = "1,2";
			};
			name = Debug;
		};
		A2F0EE621743627300F0278C /* Release */ = {
			isa = XCBuildConfiguration;
			buildSettings = {
				ALWAYS_SEARCH_USER_PATHS = NO;
				CLANG_CXX_LANGUAGE_STANDARD = "gnu++0x";
				CLANG_CXX_LIBRARY = "libc++";
				CLANG_ENABLE_OBJC_ARC = YES;
				CLANG_WARN_CONSTANT_CONVERSION = YES;
				CLANG_WARN_EMPTY_BODY = YES;
				CLANG_WARN_ENUM_CONVERSION = YES;
				CLANG_WARN_INT_CONVERSION = YES;
				CLANG_WARN__DUPLICATE_METHOD_MATCH = YES;
				"CODE_SIGN_IDENTITY[sdk=iphoneos*]" = "iPhone Developer";
				COPY_PHASE_STRIP = YES;
				GCC_C_LANGUAGE_STANDARD = gnu99;
				GCC_WARN_ABOUT_RETURN_TYPE = YES;
				GCC_WARN_UNINITIALIZED_AUTOS = YES;
				GCC_WARN_UNUSED_VARIABLE = YES;
				IPHONEOS_DEPLOYMENT_TARGET = 6.1;
				OTHER_CFLAGS = "-DNS_BLOCK_ASSERTIONS=1";
				SDKROOT = iphoneos;
				TARGETED_DEVICE_FAMILY = "1,2";
				VALIDATE_PRODUCT = YES;
			};
			name = Release;
		};
		A2F0EE641743627300F0278C /* Debug */ = {
			isa = XCBuildConfiguration;
			buildSettings = {
				CODE_SIGN_IDENTITY = "iPhone Developer";
				GCC_PRECOMPILE_PREFIX_HEADER = YES;
				GCC_PREFIX_HEADER = "UIImageFun/UIImageFun-Prefix.pch";
				INFOPLIST_FILE = "UIImageFun/UIImageFun-Info.plist";
				PRODUCT_NAME = "$(TARGET_NAME)";
				WRAPPER_EXTENSION = app;
			};
			name = Debug;
		};
		A2F0EE651743627300F0278C /* Release */ = {
			isa = XCBuildConfiguration;
			buildSettings = {
				CODE_SIGN_IDENTITY = "iPhone Developer";
				GCC_PRECOMPILE_PREFIX_HEADER = YES;
				GCC_PREFIX_HEADER = "UIImageFun/UIImageFun-Prefix.pch";
				INFOPLIST_FILE = "UIImageFun/UIImageFun-Info.plist";
				PRODUCT_NAME = "$(TARGET_NAME)";
				WRAPPER_EXTENSION = app;
			};
			name = Release;
		};
/* End XCBuildConfiguration section */

/* Begin XCConfigurationList section */
		A2F0EE411743627300F0278C /* Build configuration list for PBXProject "UIImageFun" */ = {
			isa = XCConfigurationList;
			buildConfigurations = (
				A2F0EE611743627300F0278C /* Debug */,
				A2F0EE621743627300F0278C /* Release */,
			);
			defaultConfigurationIsVisible = 0;
			defaultConfigurationName = Release;
		};
		A2F0EE631743627300F0278C /* Build configuration list for PBXNativeTarget "UIImageFun" */ = {
			isa = XCConfigurationList;
			buildConfigurations = (
				A2F0EE641743627300F0278C /* Debug */,
				A2F0EE651743627300F0278C /* Release */,
			);
			defaultConfigurationIsVisible = 0;
			defaultConfigurationName = Release;
		};
/* End XCConfigurationList section */
	};
	rootObject = A2F0EE3E1743627300F0278C /* Project object */;
}
