// !$*UTF8*$!
{
	archiveVersion = 1;
	classes = {
	};
	objectVersion = 46;
	objects = {

/* Begin PBXBuildFile section */
		FD0A3B371BB4E7CD00DFED2E /* NSBundle+Additions.m in Sources */ = {isa = PBXBuildFile; fileRef = FD0A3B361BB4E7CD00DFED2E /* NSBundle+Additions.m */; };
		FD0A3B3A1BB4E99B00DFED2E /* NSThread+BlockAdditions.m in Sources */ = {isa = PBXBuildFile; fileRef = FD0A3B391BB4E99B00DFED2E /* NSThread+BlockAdditions.m */; };
		FD7B78201B9EAF1E008E05E8 /* UIPhotoPickerController.m in Sources */ = {isa = PBXBuildFile; fileRef = FD7B781F1B9EAF1E008E05E8 /* UIPhotoPickerController.m */; };
		FD7B78231B9EAFE0008E05E8 /* BaseViewController+ShowAlert.m in Sources */ = {isa = PBXBuildFile; fileRef = FD7B78221B9EAFE0008E05E8 /* BaseViewController+ShowAlert.m */; };
		FD7B78281B9ED049008E05E8 /* JXLock.m in Sources */ = {isa = PBXBuildFile; fileRef = FD7B78271B9ED049008E05E8 /* JXLock.m */; };
		FD83702A1B81D136002FF89A /* BaseViewController+ShowHUDProgress.m in Sources */ = {isa = PBXBuildFile; fileRef = FD8370291B81D136002FF89A /* BaseViewController+ShowHUDProgress.m */; };
		FDAC2DCA1BCF787E0077BD00 /* UIView+AutoLayout.m in Sources */ = {isa = PBXBuildFile; fileRef = FDAC2DC91BCF787E0077BD00 /* UIView+AutoLayout.m */; settings = {ASSET_TAGS = (); }; };
		FDB1DFC91BA2A107001E46E7 /* LLSDataManager.m in Sources */ = {isa = PBXBuildFile; fileRef = FDB1DFC61BA2A107001E46E7 /* LLSDataManager.m */; };
		FDB1DFCA1BA2A107001E46E7 /* LLSNetworkClient.m in Sources */ = {isa = PBXBuildFile; fileRef = FDB1DFC81BA2A107001E46E7 /* LLSNetworkClient.m */; };
		FDB1DFCD1BA2A18A001E46E7 /* LLSModel.m in Sources */ = {isa = PBXBuildFile; fileRef = FDB1DFCC1BA2A18A001E46E7 /* LLSModel.m */; };
		FDB1DFD01BA2A791001E46E7 /* Logger.m in Sources */ = {isa = PBXBuildFile; fileRef = FDB1DFCF1BA2A791001E46E7 /* Logger.m */; };
		FDB83E811AF0661900DFDFF0 /* AFHTTPSessionManager.m in Sources */ = {isa = PBXBuildFile; fileRef = FDB83E751AF0661900DFDFF0 /* AFHTTPSessionManager.m */; };
		FDB83E821AF0661900DFDFF0 /* AFNetworkReachabilityManager.m in Sources */ = {isa = PBXBuildFile; fileRef = FDB83E781AF0661900DFDFF0 /* AFNetworkReachabilityManager.m */; };
		FDB83E831AF0661900DFDFF0 /* AFSecurityPolicy.m in Sources */ = {isa = PBXBuildFile; fileRef = FDB83E7A1AF0661900DFDFF0 /* AFSecurityPolicy.m */; };
		FDB83E841AF0661900DFDFF0 /* AFURLRequestSerialization.m in Sources */ = {isa = PBXBuildFile; fileRef = FDB83E7C1AF0661900DFDFF0 /* AFURLRequestSerialization.m */; };
		FDB83E851AF0661900DFDFF0 /* AFURLResponseSerialization.m in Sources */ = {isa = PBXBuildFile; fileRef = FDB83E7E1AF0661900DFDFF0 /* AFURLResponseSerialization.m */; };
		FDB83E861AF0661900DFDFF0 /* AFURLSessionManager.m in Sources */ = {isa = PBXBuildFile; fileRef = FDB83E801AF0661900DFDFF0 /* AFURLSessionManager.m */; };
		FDBB3D381ADF4251008D94B8 /* main.m in Sources */ = {isa = PBXBuildFile; fileRef = FDBB3D371ADF4251008D94B8 /* main.m */; };
		FDBB3D3B1ADF4251008D94B8 /* AppDelegate.m in Sources */ = {isa = PBXBuildFile; fileRef = FDBB3D3A1ADF4251008D94B8 /* AppDelegate.m */; };
		FDBB3D3E1ADF4251008D94B8 /* ViewController.m in Sources */ = {isa = PBXBuildFile; fileRef = FDBB3D3D1ADF4251008D94B8 /* ViewController.m */; };
		FDBB3D411ADF4251008D94B8 /* Main.storyboard in Resources */ = {isa = PBXBuildFile; fileRef = FDBB3D3F1ADF4251008D94B8 /* Main.storyboard */; };
		FDBB3D431ADF4251008D94B8 /* Images.xcassets in Resources */ = {isa = PBXBuildFile; fileRef = FDBB3D421ADF4251008D94B8 /* Images.xcassets */; };
		FDBB3D521ADF4252008D94B8 /* JXFrameworkTests.m in Sources */ = {isa = PBXBuildFile; fileRef = FDBB3D511ADF4252008D94B8 /* JXFrameworkTests.m */; };
		FDBB3D791ADF4D80008D94B8 /* BaseViewController.m in Sources */ = {isa = PBXBuildFile; fileRef = FDBB3D781ADF4D80008D94B8 /* BaseViewController.m */; };
		FDBB3D881ADF52DF008D94B8 /* ALAssetsLibrary+AddAlbum.m in Sources */ = {isa = PBXBuildFile; fileRef = FDBB3D7B1ADF52DF008D94B8 /* ALAssetsLibrary+AddAlbum.m */; };
		FDBB3D891ADF52DF008D94B8 /* AVFoundation+Convenience.m in Sources */ = {isa = PBXBuildFile; fileRef = FDBB3D7D1ADF52DF008D94B8 /* AVFoundation+Convenience.m */; };
		FDBB3D8A1ADF52DF008D94B8 /* UIColor+HexColor.m in Sources */ = {isa = PBXBuildFile; fileRef = FDBB3D7F1ADF52DF008D94B8 /* UIColor+HexColor.m */; };
		FDBB3D8B1ADF52DF008D94B8 /* UIFont+Convenience.m in Sources */ = {isa = PBXBuildFile; fileRef = FDBB3D811ADF52DF008D94B8 /* UIFont+Convenience.m */; };
		FDBB3D8C1ADF52DF008D94B8 /* UIImage+ImageEffects.m in Sources */ = {isa = PBXBuildFile; fileRef = FDBB3D831ADF52DF008D94B8 /* UIImage+ImageEffects.m */; };
		FDBB3D8D1ADF52DF008D94B8 /* UIScreen+Device.m in Sources */ = {isa = PBXBuildFile; fileRef = FDBB3D851ADF52DF008D94B8 /* UIScreen+Device.m */; };
		FDBB3D8E1ADF52DF008D94B8 /* UIView+VisualEffect.m in Sources */ = {isa = PBXBuildFile; fileRef = FDBB3D871ADF52DF008D94B8 /* UIView+VisualEffect.m */; };
		FDBB3D931ADF543A008D94B8 /* Photos.framework in Frameworks */ = {isa = PBXBuildFile; fileRef = FDBB3D921ADF543A008D94B8 /* Photos.framework */; settings = {ATTRIBUTES = (Weak, ); }; };
		FDBB3D9E1ADF593F008D94B8 /* NSObject+Property.m in Sources */ = {isa = PBXBuildFile; fileRef = FDBB3D9D1ADF593F008D94B8 /* NSObject+Property.m */; };
		FDBB3DB31ADF93FA008D94B8 /* UIImage+Blur.m in Sources */ = {isa = PBXBuildFile; fileRef = FDBB3DAD1ADF93FA008D94B8 /* UIImage+Blur.m */; };
		FDBB3DB41ADF93FA008D94B8 /* UIImage+ImageWithColor.m in Sources */ = {isa = PBXBuildFile; fileRef = FDBB3DAF1ADF93FA008D94B8 /* UIImage+ImageWithColor.m */; };
		FDBB3DB51ADF93FA008D94B8 /* UIImage+Screenshot.m in Sources */ = {isa = PBXBuildFile; fileRef = FDBB3DB11ADF93FA008D94B8 /* UIImage+Screenshot.m */; };
		FDD5EAB61BB39C7100FF1D6D /* EXTScope.m in Sources */ = {isa = PBXBuildFile; fileRef = FDD5EAA81BB39C7100FF1D6D /* EXTScope.m */; };
/* End PBXBuildFile section */

/* Begin PBXContainerItemProxy section */
		FDBB3D4C1ADF4252008D94B8 /* PBXContainerItemProxy */ = {
			isa = PBXContainerItemProxy;
			containerPortal = FDBB3D2A1ADF4251008D94B8 /* Project object */;
			proxyType = 1;
			remoteGlobalIDString = FDBB3D311ADF4251008D94B8;
			remoteInfo = JXFramework;
		};
/* End PBXContainerItemProxy section */

/* Begin PBXFileReference section */
		FD0A3B351BB4E7CD00DFED2E /* NSBundle+Additions.h */ = {isa = PBXFileReference; fileEncoding = 4; lastKnownFileType = sourcecode.c.h; path = "NSBundle+Additions.h"; sourceTree = "<group>"; };
		FD0A3B361BB4E7CD00DFED2E /* NSBundle+Additions.m */ = {isa = PBXFileReference; fileEncoding = 4; lastKnownFileType = sourcecode.c.objc; path = "NSBundle+Additions.m"; sourceTree = "<group>"; };
		FD0A3B381BB4E99B00DFED2E /* NSThread+BlockAdditions.h */ = {isa = PBXFileReference; fileEncoding = 4; lastKnownFileType = sourcecode.c.h; path = "NSThread+BlockAdditions.h"; sourceTree = "<group>"; };
		FD0A3B391BB4E99B00DFED2E /* NSThread+BlockAdditions.m */ = {isa = PBXFileReference; fileEncoding = 4; lastKnownFileType = sourcecode.c.objc; path = "NSThread+BlockAdditions.m"; sourceTree = "<group>"; };
		FD7B781E1B9EAF1E008E05E8 /* UIPhotoPickerController.h */ = {isa = PBXFileReference; fileEncoding = 4; lastKnownFileType = sourcecode.c.h; name = UIPhotoPickerController.h; path = ViewController/UIPhotoPickerController.h; sourceTree = "<group>"; };
		FD7B781F1B9EAF1E008E05E8 /* UIPhotoPickerController.m */ = {isa = PBXFileReference; fileEncoding = 4; lastKnownFileType = sourcecode.c.objc; name = UIPhotoPickerController.m; path = ViewController/UIPhotoPickerController.m; sourceTree = "<group>"; };
		FD7B78211B9EAFE0008E05E8 /* BaseViewController+ShowAlert.h */ = {isa = PBXFileReference; fileEncoding = 4; lastKnownFileType = sourcecode.c.h; path = "BaseViewController+ShowAlert.h"; sourceTree = "<group>"; };
		FD7B78221B9EAFE0008E05E8 /* BaseViewController+ShowAlert.m */ = {isa = PBXFileReference; fileEncoding = 4; lastKnownFileType = sourcecode.c.objc; path = "BaseViewController+ShowAlert.m"; sourceTree = "<group>"; };
		FD7B78261B9ED049008E05E8 /* JXLock.h */ = {isa = PBXFileReference; fileEncoding = 4; lastKnownFileType = sourcecode.c.h; path = JXLock.h; sourceTree = "<group>"; };
		FD7B78271B9ED049008E05E8 /* JXLock.m */ = {isa = PBXFileReference; fileEncoding = 4; lastKnownFileType = sourcecode.c.objc; path = JXLock.m; sourceTree = "<group>"; };
		FD8370281B81D136002FF89A /* BaseViewController+ShowHUDProgress.h */ = {isa = PBXFileReference; fileEncoding = 4; lastKnownFileType = sourcecode.c.h; path = "BaseViewController+ShowHUDProgress.h"; sourceTree = "<group>"; };
		FD8370291B81D136002FF89A /* BaseViewController+ShowHUDProgress.m */ = {isa = PBXFileReference; fileEncoding = 4; lastKnownFileType = sourcecode.c.objc; path = "BaseViewController+ShowHUDProgress.m"; sourceTree = "<group>"; };
		FDAC2DC81BCF787E0077BD00 /* UIView+AutoLayout.h */ = {isa = PBXFileReference; fileEncoding = 4; lastKnownFileType = sourcecode.c.h; path = "UIView+AutoLayout.h"; sourceTree = "<group>"; };
		FDAC2DC91BCF787E0077BD00 /* UIView+AutoLayout.m */ = {isa = PBXFileReference; fileEncoding = 4; lastKnownFileType = sourcecode.c.objc; path = "UIView+AutoLayout.m"; sourceTree = "<group>"; };
		FDB1DFC51BA2A107001E46E7 /* LLSDataManager.h */ = {isa = PBXFileReference; fileEncoding = 4; lastKnownFileType = sourcecode.c.h; path = LLSDataManager.h; sourceTree = "<group>"; };
		FDB1DFC61BA2A107001E46E7 /* LLSDataManager.m */ = {isa = PBXFileReference; fileEncoding = 4; lastKnownFileType = sourcecode.c.objc; path = LLSDataManager.m; sourceTree = "<group>"; };
		FDB1DFC71BA2A107001E46E7 /* LLSNetworkClient.h */ = {isa = PBXFileReference; fileEncoding = 4; lastKnownFileType = sourcecode.c.h; path = LLSNetworkClient.h; sourceTree = "<group>"; };
		FDB1DFC81BA2A107001E46E7 /* LLSNetworkClient.m */ = {isa = PBXFileReference; fileEncoding = 4; lastKnownFileType = sourcecode.c.objc; path = LLSNetworkClient.m; sourceTree = "<group>"; };
		FDB1DFCB1BA2A18A001E46E7 /* LLSModel.h */ = {isa = PBXFileReference; fileEncoding = 4; lastKnownFileType = sourcecode.c.h; path = LLSModel.h; sourceTree = "<group>"; };
		FDB1DFCC1BA2A18A001E46E7 /* LLSModel.m */ = {isa = PBXFileReference; fileEncoding = 4; lastKnownFileType = sourcecode.c.objc; path = LLSModel.m; sourceTree = "<group>"; };
		FDB1DFCE1BA2A791001E46E7 /* Logger.h */ = {isa = PBXFileReference; fileEncoding = 4; lastKnownFileType = sourcecode.c.h; path = Logger.h; sourceTree = "<group>"; };
		FDB1DFCF1BA2A791001E46E7 /* Logger.m */ = {isa = PBXFileReference; fileEncoding = 4; lastKnownFileType = sourcecode.c.objc; path = Logger.m; sourceTree = "<group>"; };
		FDB83E741AF0661900DFDFF0 /* AFHTTPSessionManager.h */ = {isa = PBXFileReference; fileEncoding = 4; lastKnownFileType = sourcecode.c.h; path = AFHTTPSessionManager.h; sourceTree = "<group>"; };
		FDB83E751AF0661900DFDFF0 /* AFHTTPSessionManager.m */ = {isa = PBXFileReference; fileEncoding = 4; lastKnownFileType = sourcecode.c.objc; path = AFHTTPSessionManager.m; sourceTree = "<group>"; };
		FDB83E761AF0661900DFDFF0 /* AFNetworking.h */ = {isa = PBXFileReference; fileEncoding = 4; lastKnownFileType = sourcecode.c.h; path = AFNetworking.h; sourceTree = "<group>"; };
		FDB83E771AF0661900DFDFF0 /* AFNetworkReachabilityManager.h */ = {isa = PBXFileReference; fileEncoding = 4; lastKnownFileType = sourcecode.c.h; path = AFNetworkReachabilityManager.h; sourceTree = "<group>"; };
		FDB83E781AF0661900DFDFF0 /* AFNetworkReachabilityManager.m */ = {isa = PBXFileReference; fileEncoding = 4; lastKnownFileType = sourcecode.c.objc; path = AFNetworkReachabilityManager.m; sourceTree = "<group>"; };
		FDB83E791AF0661900DFDFF0 /* AFSecurityPolicy.h */ = {isa = PBXFileReference; fileEncoding = 4; lastKnownFileType = sourcecode.c.h; path = AFSecurityPolicy.h; sourceTree = "<group>"; };
		FDB83E7A1AF0661900DFDFF0 /* AFSecurityPolicy.m */ = {isa = PBXFileReference; fileEncoding = 4; lastKnownFileType = sourcecode.c.objc; path = AFSecurityPolicy.m; sourceTree = "<group>"; };
		FDB83E7B1AF0661900DFDFF0 /* AFURLRequestSerialization.h */ = {isa = PBXFileReference; fileEncoding = 4; lastKnownFileType = sourcecode.c.h; path = AFURLRequestSerialization.h; sourceTree = "<group>"; };
		FDB83E7C1AF0661900DFDFF0 /* AFURLRequestSerialization.m */ = {isa = PBXFileReference; fileEncoding = 4; lastKnownFileType = sourcecode.c.objc; path = AFURLRequestSerialization.m; sourceTree = "<group>"; };
		FDB83E7D1AF0661900DFDFF0 /* AFURLResponseSerialization.h */ = {isa = PBXFileReference; fileEncoding = 4; lastKnownFileType = sourcecode.c.h; path = AFURLResponseSerialization.h; sourceTree = "<group>"; };
		FDB83E7E1AF0661900DFDFF0 /* AFURLResponseSerialization.m */ = {isa = PBXFileReference; fileEncoding = 4; lastKnownFileType = sourcecode.c.objc; path = AFURLResponseSerialization.m; sourceTree = "<group>"; };
		FDB83E7F1AF0661900DFDFF0 /* AFURLSessionManager.h */ = {isa = PBXFileReference; fileEncoding = 4; lastKnownFileType = sourcecode.c.h; path = AFURLSessionManager.h; sourceTree = "<group>"; };
		FDB83E801AF0661900DFDFF0 /* AFURLSessionManager.m */ = {isa = PBXFileReference; fileEncoding = 4; lastKnownFileType = sourcecode.c.objc; path = AFURLSessionManager.m; sourceTree = "<group>"; };
		FDBB3D321ADF4251008D94B8 /* JXFramework.app */ = {isa = PBXFileReference; explicitFileType = wrapper.application; includeInIndex = 0; path = JXFramework.app; sourceTree = BUILT_PRODUCTS_DIR; };
		FDBB3D361ADF4251008D94B8 /* Info.plist */ = {isa = PBXFileReference; lastKnownFileType = text.plist.xml; path = Info.plist; sourceTree = "<group>"; };
		FDBB3D371ADF4251008D94B8 /* main.m */ = {isa = PBXFileReference; lastKnownFileType = sourcecode.c.objc; path = main.m; sourceTree = "<group>"; };
		FDBB3D391ADF4251008D94B8 /* AppDelegate.h */ = {isa = PBXFileReference; lastKnownFileType = sourcecode.c.h; path = AppDelegate.h; sourceTree = "<group>"; };
		FDBB3D3A1ADF4251008D94B8 /* AppDelegate.m */ = {isa = PBXFileReference; lastKnownFileType = sourcecode.c.objc; path = AppDelegate.m; sourceTree = "<group>"; };
		FDBB3D3C1ADF4251008D94B8 /* ViewController.h */ = {isa = PBXFileReference; lastKnownFileType = sourcecode.c.h; path = ViewController.h; sourceTree = "<group>"; };
		FDBB3D3D1ADF4251008D94B8 /* ViewController.m */ = {isa = PBXFileReference; lastKnownFileType = sourcecode.c.objc; path = ViewController.m; sourceTree = "<group>"; };
		FDBB3D401ADF4251008D94B8 /* Base */ = {isa = PBXFileReference; lastKnownFileType = file.storyboard; name = Base; path = Base.lproj/Main.storyboard; sourceTree = "<group>"; };
		FDBB3D421ADF4251008D94B8 /* Images.xcassets */ = {isa = PBXFileReference; lastKnownFileType = folder.assetcatalog; path = Images.xcassets; sourceTree = "<group>"; };
		FDBB3D4B1ADF4252008D94B8 /* JXFrameworkTests.xctest */ = {isa = PBXFileReference; explicitFileType = wrapper.cfbundle; includeInIndex = 0; path = JXFrameworkTests.xctest; sourceTree = BUILT_PRODUCTS_DIR; };
		FDBB3D501ADF4252008D94B8 /* Info.plist */ = {isa = PBXFileReference; lastKnownFileType = text.plist.xml; path = Info.plist; sourceTree = "<group>"; };
		FDBB3D511ADF4252008D94B8 /* JXFrameworkTests.m */ = {isa = PBXFileReference; lastKnownFileType = sourcecode.c.objc; path = JXFrameworkTests.m; sourceTree = "<group>"; };
		FDBB3D751ADF4CB5008D94B8 /* ApplicationStateChangeProtocol.h */ = {isa = PBXFileReference; fileEncoding = 4; lastKnownFileType = sourcecode.c.h; path = ApplicationStateChangeProtocol.h; sourceTree = "<group>"; };
		FDBB3D771ADF4D80008D94B8 /* BaseViewController.h */ = {isa = PBXFileReference; fileEncoding = 4; lastKnownFileType = sourcecode.c.h; path = BaseViewController.h; sourceTree = "<group>"; };
		FDBB3D781ADF4D80008D94B8 /* BaseViewController.m */ = {isa = PBXFileReference; fileEncoding = 4; lastKnownFileType = sourcecode.c.objc; path = BaseViewController.m; sourceTree = "<group>"; };
		FDBB3D7A1ADF52DF008D94B8 /* ALAssetsLibrary+AddAlbum.h */ = {isa = PBXFileReference; fileEncoding = 4; lastKnownFileType = sourcecode.c.h; path = "ALAssetsLibrary+AddAlbum.h"; sourceTree = "<group>"; };
		FDBB3D7B1ADF52DF008D94B8 /* ALAssetsLibrary+AddAlbum.m */ = {isa = PBXFileReference; fileEncoding = 4; lastKnownFileType = sourcecode.c.objc; path = "ALAssetsLibrary+AddAlbum.m"; sourceTree = "<group>"; };
		FDBB3D7C1ADF52DF008D94B8 /* AVFoundation+Convenience.h */ = {isa = PBXFileReference; fileEncoding = 4; lastKnownFileType = sourcecode.c.h; path = "AVFoundation+Convenience.h"; sourceTree = "<group>"; };
		FDBB3D7D1ADF52DF008D94B8 /* AVFoundation+Convenience.m */ = {isa = PBXFileReference; fileEncoding = 4; lastKnownFileType = sourcecode.c.objc; path = "AVFoundation+Convenience.m"; sourceTree = "<group>"; };
		FDBB3D7E1ADF52DF008D94B8 /* UIColor+HexColor.h */ = {isa = PBXFileReference; fileEncoding = 4; lastKnownFileType = sourcecode.c.h; path = "UIColor+HexColor.h"; sourceTree = "<group>"; };
		FDBB3D7F1ADF52DF008D94B8 /* UIColor+HexColor.m */ = {isa = PBXFileReference; fileEncoding = 4; lastKnownFileType = sourcecode.c.objc; path = "UIColor+HexColor.m"; sourceTree = "<group>"; };
		FDBB3D801ADF52DF008D94B8 /* UIFont+Convenience.h */ = {isa = PBXFileReference; fileEncoding = 4; lastKnownFileType = sourcecode.c.h; path = "UIFont+Convenience.h"; sourceTree = "<group>"; };
		FDBB3D811ADF52DF008D94B8 /* UIFont+Convenience.m */ = {isa = PBXFileReference; fileEncoding = 4; lastKnownFileType = sourcecode.c.objc; path = "UIFont+Convenience.m"; sourceTree = "<group>"; };
		FDBB3D821ADF52DF008D94B8 /* UIImage+ImageEffects.h */ = {isa = PBXFileReference; fileEncoding = 4; lastKnownFileType = sourcecode.c.h; path = "UIImage+ImageEffects.h"; sourceTree = "<group>"; };
		FDBB3D831ADF52DF008D94B8 /* UIImage+ImageEffects.m */ = {isa = PBXFileReference; fileEncoding = 4; lastKnownFileType = sourcecode.c.objc; path = "UIImage+ImageEffects.m"; sourceTree = "<group>"; };
		FDBB3D841ADF52DF008D94B8 /* UIScreen+Device.h */ = {isa = PBXFileReference; fileEncoding = 4; lastKnownFileType = sourcecode.c.h; path = "UIScreen+Device.h"; sourceTree = "<group>"; };
		FDBB3D851ADF52DF008D94B8 /* UIScreen+Device.m */ = {isa = PBXFileReference; fileEncoding = 4; lastKnownFileType = sourcecode.c.objc; path = "UIScreen+Device.m"; sourceTree = "<group>"; };
		FDBB3D861ADF52DF008D94B8 /* UIView+VisualEffect.h */ = {isa = PBXFileReference; fileEncoding = 4; lastKnownFileType = sourcecode.c.h; path = "UIView+VisualEffect.h"; sourceTree = "<group>"; };
		FDBB3D871ADF52DF008D94B8 /* UIView+VisualEffect.m */ = {isa = PBXFileReference; fileEncoding = 4; lastKnownFileType = sourcecode.c.objc; path = "UIView+VisualEffect.m"; sourceTree = "<group>"; };
		FDBB3D911ADF5394008D94B8 /* UtilMacro.h */ = {isa = PBXFileReference; fileEncoding = 4; lastKnownFileType = sourcecode.c.h; path = UtilMacro.h; sourceTree = "<group>"; };
		FDBB3D921ADF543A008D94B8 /* Photos.framework */ = {isa = PBXFileReference; lastKnownFileType = wrapper.framework; name = Photos.framework; path = System/Library/Frameworks/Photos.framework; sourceTree = SDKROOT; };
		FDBB3D9C1ADF593F008D94B8 /* NSObject+Property.h */ = {isa = PBXFileReference; fileEncoding = 4; lastKnownFileType = sourcecode.c.h; path = "NSObject+Property.h"; sourceTree = "<group>"; };
		FDBB3D9D1ADF593F008D94B8 /* NSObject+Property.m */ = {isa = PBXFileReference; fileEncoding = 4; lastKnownFileType = sourcecode.c.objc; path = "NSObject+Property.m"; sourceTree = "<group>"; };
		FDBB3DAC1ADF93FA008D94B8 /* UIImage+Blur.h */ = {isa = PBXFileReference; fileEncoding = 4; lastKnownFileType = sourcecode.c.h; path = "UIImage+Blur.h"; sourceTree = "<group>"; };
		FDBB3DAD1ADF93FA008D94B8 /* UIImage+Blur.m */ = {isa = PBXFileReference; fileEncoding = 4; lastKnownFileType = sourcecode.c.objc; path = "UIImage+Blur.m"; sourceTree = "<group>"; };
		FDBB3DAE1ADF93FA008D94B8 /* UIImage+ImageWithColor.h */ = {isa = PBXFileReference; fileEncoding = 4; lastKnownFileType = sourcecode.c.h; path = "UIImage+ImageWithColor.h"; sourceTree = "<group>"; };
		FDBB3DAF1ADF93FA008D94B8 /* UIImage+ImageWithColor.m */ = {isa = PBXFileReference; fileEncoding = 4; lastKnownFileType = sourcecode.c.objc; path = "UIImage+ImageWithColor.m"; sourceTree = "<group>"; };
		FDBB3DB01ADF93FA008D94B8 /* UIImage+Screenshot.h */ = {isa = PBXFileReference; fileEncoding = 4; lastKnownFileType = sourcecode.c.h; path = "UIImage+Screenshot.h"; sourceTree = "<group>"; };
		FDBB3DB11ADF93FA008D94B8 /* UIImage+Screenshot.m */ = {isa = PBXFileReference; fileEncoding = 4; lastKnownFileType = sourcecode.c.objc; path = "UIImage+Screenshot.m"; sourceTree = "<group>"; };
		FDBB3DB21ADF93FA008D94B8 /* UIImage-Helpers.h */ = {isa = PBXFileReference; fileEncoding = 4; lastKnownFileType = sourcecode.c.h; path = "UIImage-Helpers.h"; sourceTree = "<group>"; };
		FDD5EAA71BB39C7100FF1D6D /* EXTScope.h */ = {isa = PBXFileReference; fileEncoding = 4; lastKnownFileType = sourcecode.c.h; path = EXTScope.h; sourceTree = "<group>"; };
		FDD5EAA81BB39C7100FF1D6D /* EXTScope.m */ = {isa = PBXFileReference; fileEncoding = 4; lastKnownFileType = sourcecode.c.objc; path = EXTScope.m; sourceTree = "<group>"; };
/* End PBXFileReference section */

/* Begin PBXFrameworksBuildPhase section */
		FDBB3D2F1ADF4251008D94B8 /* Frameworks */ = {
			isa = PBXFrameworksBuildPhase;
			buildActionMask = 2147483647;
			files = (
				FDBB3D931ADF543A008D94B8 /* Photos.framework in Frameworks */,
			);
			runOnlyForDeploymentPostprocessing = 0;
		};
		FDBB3D481ADF4252008D94B8 /* Frameworks */ = {
			isa = PBXFrameworksBuildPhase;
			buildActionMask = 2147483647;
			files = (
			);
			runOnlyForDeploymentPostprocessing = 0;
		};
/* End PBXFrameworksBuildPhase section */

/* Begin PBXGroup section */
		FD7B78251B9EB3B7008E05E8 /* Common */ = {
			isa = PBXGroup;
			children = (
				FD7B781E1B9EAF1E008E05E8 /* UIPhotoPickerController.h */,
				FD7B781F1B9EAF1E008E05E8 /* UIPhotoPickerController.m */,
				FD7B78261B9ED049008E05E8 /* JXLock.h */,
				FD7B78271B9ED049008E05E8 /* JXLock.m */,
				FDB1DFCE1BA2A791001E46E7 /* Logger.h */,
				FDB1DFCF1BA2A791001E46E7 /* Logger.m */,
			);
			name = Common;
			sourceTree = "<group>";
		};
		FDB1DFC41BA2A107001E46E7 /* NetworkService */ = {
			isa = PBXGroup;
			children = (
				FDB1DFCB1BA2A18A001E46E7 /* LLSModel.h */,
				FDB1DFCC1BA2A18A001E46E7 /* LLSModel.m */,
				FDB1DFC51BA2A107001E46E7 /* LLSDataManager.h */,
				FDB1DFC61BA2A107001E46E7 /* LLSDataManager.m */,
				FDB1DFC71BA2A107001E46E7 /* LLSNetworkClient.h */,
				FDB1DFC81BA2A107001E46E7 /* LLSNetworkClient.m */,
			);
			path = NetworkService;
			sourceTree = "<group>";
		};
		FDB83E721AF0661900DFDFF0 /* Vendor */ = {
			isa = PBXGroup;
			children = (
				FDD5EA981BB39C7100FF1D6D /* extobjc */,
				FDB83E731AF0661900DFDFF0 /* AFNetworking */,
			);
			path = Vendor;
			sourceTree = "<group>";
		};
		FDB83E731AF0661900DFDFF0 /* AFNetworking */ = {
			isa = PBXGroup;
			children = (
				FDB83E741AF0661900DFDFF0 /* AFHTTPSessionManager.h */,
				FDB83E751AF0661900DFDFF0 /* AFHTTPSessionManager.m */,
				FDB83E761AF0661900DFDFF0 /* AFNetworking.h */,
				FDB83E771AF0661900DFDFF0 /* AFNetworkReachabilityManager.h */,
				FDB83E781AF0661900DFDFF0 /* AFNetworkReachabilityManager.m */,
				FDB83E791AF0661900DFDFF0 /* AFSecurityPolicy.h */,
				FDB83E7A1AF0661900DFDFF0 /* AFSecurityPolicy.m */,
				FDB83E7B1AF0661900DFDFF0 /* AFURLRequestSerialization.h */,
				FDB83E7C1AF0661900DFDFF0 /* AFURLRequestSerialization.m */,
				FDB83E7D1AF0661900DFDFF0 /* AFURLResponseSerialization.h */,
				FDB83E7E1AF0661900DFDFF0 /* AFURLResponseSerialization.m */,
				FDB83E7F1AF0661900DFDFF0 /* AFURLSessionManager.h */,
				FDB83E801AF0661900DFDFF0 /* AFURLSessionManager.m */,
			);
			path = AFNetworking;
			sourceTree = "<group>";
		};
		FDBB3D291ADF4251008D94B8 = {
			isa = PBXGroup;
			children = (
				FDBB3D341ADF4251008D94B8 /* JXFramework */,
				FDBB3D4E1ADF4252008D94B8 /* JXFrameworkTests */,
				FDBB3D331ADF4251008D94B8 /* Products */,
			);
			sourceTree = "<group>";
		};
		FDBB3D331ADF4251008D94B8 /* Products */ = {
			isa = PBXGroup;
			children = (
				FDBB3D321ADF4251008D94B8 /* JXFramework.app */,
				FDBB3D4B1ADF4252008D94B8 /* JXFrameworkTests.xctest */,
			);
			name = Products;
			sourceTree = "<group>";
		};
		FDBB3D341ADF4251008D94B8 /* JXFramework */ = {
			isa = PBXGroup;
			children = (
				FDBB3D391ADF4251008D94B8 /* AppDelegate.h */,
				FDBB3D3A1ADF4251008D94B8 /* AppDelegate.m */,
				FDBB3D3C1ADF4251008D94B8 /* ViewController.h */,
				FDBB3D3D1ADF4251008D94B8 /* ViewController.m */,
				FDB1DFC41BA2A107001E46E7 /* NetworkService */,
				FD7B78251B9EB3B7008E05E8 /* Common */,
				FDB83E721AF0661900DFDFF0 /* Vendor */,
				FDBB3D981ADF5822008D94B8 /* Model */,
				FDBB3D8F1ADF5394008D94B8 /* Macros */,
				FDBB3D761ADF4D6C008D94B8 /* ViewController */,
				FDBB3D731ADF4B50008D94B8 /* Category */,
				FDBB3D741ADF4B50008D94B8 /* Protocol */,
				FDBB3D3F1ADF4251008D94B8 /* Main.storyboard */,
				FDBB3D421ADF4251008D94B8 /* Images.xcassets */,
				FDBB3D941ADF5481008D94B8 /* Frameworks */,
				FDBB3D351ADF4251008D94B8 /* Supporting Files */,
			);
			path = JXFramework;
			sourceTree = "<group>";
		};
		FDBB3D351ADF4251008D94B8 /* Supporting Files */ = {
			isa = PBXGroup;
			children = (
				FDBB3D361ADF4251008D94B8 /* Info.plist */,
				FDBB3D371ADF4251008D94B8 /* main.m */,
			);
			name = "Supporting Files";
			sourceTree = "<group>";
		};
		FDBB3D4E1ADF4252008D94B8 /* JXFrameworkTests */ = {
			isa = PBXGroup;
			children = (
				FDBB3D511ADF4252008D94B8 /* JXFrameworkTests.m */,
				FDBB3D4F1ADF4252008D94B8 /* Supporting Files */,
			);
			path = JXFrameworkTests;
			sourceTree = "<group>";
		};
		FDBB3D4F1ADF4252008D94B8 /* Supporting Files */ = {
			isa = PBXGroup;
			children = (
				FDBB3D501ADF4252008D94B8 /* Info.plist */,
			);
			name = "Supporting Files";
			sourceTree = "<group>";
		};
		FDBB3D731ADF4B50008D94B8 /* Category */ = {
			isa = PBXGroup;
			children = (
				FDBB3DAB1ADF93FA008D94B8 /* UIImage-Helpers */,
				FDBB3D7A1ADF52DF008D94B8 /* ALAssetsLibrary+AddAlbum.h */,
				FDBB3D7B1ADF52DF008D94B8 /* ALAssetsLibrary+AddAlbum.m */,
				FDBB3D7C1ADF52DF008D94B8 /* AVFoundation+Convenience.h */,
				FDBB3D7D1ADF52DF008D94B8 /* AVFoundation+Convenience.m */,
				FDBB3D7E1ADF52DF008D94B8 /* UIColor+HexColor.h */,
				FDBB3D7F1ADF52DF008D94B8 /* UIColor+HexColor.m */,
				FDBB3D801ADF52DF008D94B8 /* UIFont+Convenience.h */,
				FDBB3D811ADF52DF008D94B8 /* UIFont+Convenience.m */,
				FDBB3D821ADF52DF008D94B8 /* UIImage+ImageEffects.h */,
				FDBB3D831ADF52DF008D94B8 /* UIImage+ImageEffects.m */,
				FDBB3D841ADF52DF008D94B8 /* UIScreen+Device.h */,
				FDBB3D851ADF52DF008D94B8 /* UIScreen+Device.m */,
				FDBB3D861ADF52DF008D94B8 /* UIView+VisualEffect.h */,
				FDBB3D871ADF52DF008D94B8 /* UIView+VisualEffect.m */,
				FD0A3B351BB4E7CD00DFED2E /* NSBundle+Additions.h */,
				FD0A3B361BB4E7CD00DFED2E /* NSBundle+Additions.m */,
				FD0A3B381BB4E99B00DFED2E /* NSThread+BlockAdditions.h */,
				FD0A3B391BB4E99B00DFED2E /* NSThread+BlockAdditions.m */,
				FDAC2DC81BCF787E0077BD00 /* UIView+AutoLayout.h */,
				FDAC2DC91BCF787E0077BD00 /* UIView+AutoLayout.m */,
			);
			path = Category;
			sourceTree = "<group>";
		};
		FDBB3D741ADF4B50008D94B8 /* Protocol */ = {
			isa = PBXGroup;
			children = (
				FDBB3D751ADF4CB5008D94B8 /* ApplicationStateChangeProtocol.h */,
			);
			path = Protocol;
			sourceTree = "<group>";
		};
		FDBB3D761ADF4D6C008D94B8 /* ViewController */ = {
			isa = PBXGroup;
			children = (
				FDBB3D771ADF4D80008D94B8 /* BaseViewController.h */,
				FDBB3D781ADF4D80008D94B8 /* BaseViewController.m */,
				FD7B78211B9EAFE0008E05E8 /* BaseViewController+ShowAlert.h */,
				FD7B78221B9EAFE0008E05E8 /* BaseViewController+ShowAlert.m */,
				FD8370281B81D136002FF89A /* BaseViewController+ShowHUDProgress.h */,
				FD8370291B81D136002FF89A /* BaseViewController+ShowHUDProgress.m */,
			);
			path = ViewController;
			sourceTree = "<group>";
		};
		FDBB3D8F1ADF5394008D94B8 /* Macros */ = {
			isa = PBXGroup;
			children = (
				FDBB3D911ADF5394008D94B8 /* UtilMacro.h */,
			);
			path = Macros;
			sourceTree = "<group>";
		};
		FDBB3D941ADF5481008D94B8 /* Frameworks */ = {
			isa = PBXGroup;
			children = (
				FDBB3D921ADF543A008D94B8 /* Photos.framework */,
			);
			name = Frameworks;
			sourceTree = "<group>";
		};
		FDBB3D981ADF5822008D94B8 /* Model */ = {
			isa = PBXGroup;
			children = (
				FDBB3D9C1ADF593F008D94B8 /* NSObject+Property.h */,
				FDBB3D9D1ADF593F008D94B8 /* NSObject+Property.m */,
			);
			path = Model;
			sourceTree = "<group>";
		};
		FDBB3DAB1ADF93FA008D94B8 /* UIImage-Helpers */ = {
			isa = PBXGroup;
			children = (
				FDBB3DAC1ADF93FA008D94B8 /* UIImage+Blur.h */,
				FDBB3DAD1ADF93FA008D94B8 /* UIImage+Blur.m */,
				FDBB3DAE1ADF93FA008D94B8 /* UIImage+ImageWithColor.h */,
				FDBB3DAF1ADF93FA008D94B8 /* UIImage+ImageWithColor.m */,
				FDBB3DB01ADF93FA008D94B8 /* UIImage+Screenshot.h */,
				FDBB3DB11ADF93FA008D94B8 /* UIImage+Screenshot.m */,
				FDBB3DB21ADF93FA008D94B8 /* UIImage-Helpers.h */,
			);
			path = "UIImage-Helpers";
			sourceTree = "<group>";
		};
		FDD5EA981BB39C7100FF1D6D /* extobjc */ = {
			isa = PBXGroup;
			children = (
				FDD5EAA71BB39C7100FF1D6D /* EXTScope.h */,
				FDD5EAA81BB39C7100FF1D6D /* EXTScope.m */,
			);
			path = extobjc;
			sourceTree = "<group>";
		};
/* End PBXGroup section */

/* Begin PBXNativeTarget section */
		FDBB3D311ADF4251008D94B8 /* JXFramework */ = {
			isa = PBXNativeTarget;
			buildConfigurationList = FDBB3D551ADF4252008D94B8 /* Build configuration list for PBXNativeTarget "JXFramework" */;
			buildPhases = (
				FDBB3D2E1ADF4251008D94B8 /* Sources */,
				FDBB3D2F1ADF4251008D94B8 /* Frameworks */,
				FDBB3D301ADF4251008D94B8 /* Resources */,
			);
			buildRules = (
			);
			dependencies = (
			);
			name = JXFramework;
			productName = JXFramework;
			productReference = FDBB3D321ADF4251008D94B8 /* JXFramework.app */;
			productType = "com.apple.product-type.application";
		};
		FDBB3D4A1ADF4252008D94B8 /* JXFrameworkTests */ = {
			isa = PBXNativeTarget;
			buildConfigurationList = FDBB3D581ADF4252008D94B8 /* Build configuration list for PBXNativeTarget "JXFrameworkTests" */;
			buildPhases = (
				FDBB3D471ADF4252008D94B8 /* Sources */,
				FDBB3D481ADF4252008D94B8 /* Frameworks */,
				FDBB3D491ADF4252008D94B8 /* Resources */,
			);
			buildRules = (
			);
			dependencies = (
				FDBB3D4D1ADF4252008D94B8 /* PBXTargetDependency */,
			);
			name = JXFrameworkTests;
			productName = JXFrameworkTests;
			productReference = FDBB3D4B1ADF4252008D94B8 /* JXFrameworkTests.xctest */;
			productType = "com.apple.product-type.bundle.unit-test";
		};
/* End PBXNativeTarget section */

/* Begin PBXProject section */
		FDBB3D2A1ADF4251008D94B8 /* Project object */ = {
			isa = PBXProject;
			attributes = {
				LastUpgradeCheck = 0630;
				ORGANIZATIONNAME = yangjinxin;
				TargetAttributes = {
					FDBB3D311ADF4251008D94B8 = {
						CreatedOnToolsVersion = 6.3;
					};
					FDBB3D4A1ADF4252008D94B8 = {
						CreatedOnToolsVersion = 6.3;
						TestTargetID = FDBB3D311ADF4251008D94B8;
					};
				};
			};
			buildConfigurationList = FDBB3D2D1ADF4251008D94B8 /* Build configuration list for PBXProject "JXFramework" */;
			compatibilityVersion = "Xcode 3.2";
			developmentRegion = English;
			hasScannedForEncodings = 0;
			knownRegions = (
				en,
				Base,
			);
			mainGroup = FDBB3D291ADF4251008D94B8;
			productRefGroup = FDBB3D331ADF4251008D94B8 /* Products */;
			projectDirPath = "";
			projectRoot = "";
			targets = (
				FDBB3D311ADF4251008D94B8 /* JXFramework */,
				FDBB3D4A1ADF4252008D94B8 /* JXFrameworkTests */,
			);
		};
/* End PBXProject section */

/* Begin PBXResourcesBuildPhase section */
		FDBB3D301ADF4251008D94B8 /* Resources */ = {
			isa = PBXResourcesBuildPhase;
			buildActionMask = 2147483647;
			files = (
				FDBB3D411ADF4251008D94B8 /* Main.storyboard in Resources */,
				FDBB3D431ADF4251008D94B8 /* Images.xcassets in Resources */,
			);
			runOnlyForDeploymentPostprocessing = 0;
		};
		FDBB3D491ADF4252008D94B8 /* Resources */ = {
			isa = PBXResourcesBuildPhase;
			buildActionMask = 2147483647;
			files = (
			);
			runOnlyForDeploymentPostprocessing = 0;
		};
/* End PBXResourcesBuildPhase section */

/* Begin PBXSourcesBuildPhase section */
		FDBB3D2E1ADF4251008D94B8 /* Sources */ = {
			isa = PBXSourcesBuildPhase;
			buildActionMask = 2147483647;
			files = (
				FDBB3D8A1ADF52DF008D94B8 /* UIColor+HexColor.m in Sources */,
				FDBB3D881ADF52DF008D94B8 /* ALAssetsLibrary+AddAlbum.m in Sources */,
				FD0A3B3A1BB4E99B00DFED2E /* NSThread+BlockAdditions.m in Sources */,
				FDBB3D3E1ADF4251008D94B8 /* ViewController.m in Sources */,
				FDB1DFCA1BA2A107001E46E7 /* LLSNetworkClient.m in Sources */,
				FDB83E831AF0661900DFDFF0 /* AFSecurityPolicy.m in Sources */,
				FDB83E811AF0661900DFDFF0 /* AFHTTPSessionManager.m in Sources */,
				FDBB3D9E1ADF593F008D94B8 /* NSObject+Property.m in Sources */,
				FDBB3D791ADF4D80008D94B8 /* BaseViewController.m in Sources */,
				FDD5EAB61BB39C7100FF1D6D /* EXTScope.m in Sources */,
				FDBB3DB51ADF93FA008D94B8 /* UIImage+Screenshot.m in Sources */,
				FDB1DFD01BA2A791001E46E7 /* Logger.m in Sources */,
				FDBB3D8E1ADF52DF008D94B8 /* UIView+VisualEffect.m in Sources */,
				FDBB3D8B1ADF52DF008D94B8 /* UIFont+Convenience.m in Sources */,
				FDBB3D8D1ADF52DF008D94B8 /* UIScreen+Device.m in Sources */,
				FD83702A1B81D136002FF89A /* BaseViewController+ShowHUDProgress.m in Sources */,
				FD0A3B371BB4E7CD00DFED2E /* NSBundle+Additions.m in Sources */,
				FDBB3D8C1ADF52DF008D94B8 /* UIImage+ImageEffects.m in Sources */,
				FDBB3D891ADF52DF008D94B8 /* AVFoundation+Convenience.m in Sources */,
				FDAC2DCA1BCF787E0077BD00 /* UIView+AutoLayout.m in Sources */,
				FDB1DFCD1BA2A18A001E46E7 /* LLSModel.m in Sources */,
				FD7B78281B9ED049008E05E8 /* JXLock.m in Sources */,
				FDB83E841AF0661900DFDFF0 /* AFURLRequestSerialization.m in Sources */,
				FDB83E861AF0661900DFDFF0 /* AFURLSessionManager.m in Sources */,
				FDB83E851AF0661900DFDFF0 /* AFURLResponseSerialization.m in Sources */,
				FDB83E821AF0661900DFDFF0 /* AFNetworkReachabilityManager.m in Sources */,
				FDBB3D3B1ADF4251008D94B8 /* AppDelegate.m in Sources */,
				FDBB3DB31ADF93FA008D94B8 /* UIImage+Blur.m in Sources */,
				FD7B78231B9EAFE0008E05E8 /* BaseViewController+ShowAlert.m in Sources */,
				FD7B78201B9EAF1E008E05E8 /* UIPhotoPickerController.m in Sources */,
				FDBB3DB41ADF93FA008D94B8 /* UIImage+ImageWithColor.m in Sources */,
				FDBB3D381ADF4251008D94B8 /* main.m in Sources */,
				FDB1DFC91BA2A107001E46E7 /* LLSDataManager.m in Sources */,
			);
			runOnlyForDeploymentPostprocessing = 0;
		};
		FDBB3D471ADF4252008D94B8 /* Sources */ = {
			isa = PBXSourcesBuildPhase;
			buildActionMask = 2147483647;
			files = (
				FDBB3D521ADF4252008D94B8 /* JXFrameworkTests.m in Sources */,
			);
			runOnlyForDeploymentPostprocessing = 0;
		};
/* End PBXSourcesBuildPhase section */

/* Begin PBXTargetDependency section */
		FDBB3D4D1ADF4252008D94B8 /* PBXTargetDependency */ = {
			isa = PBXTargetDependency;
			target = FDBB3D311ADF4251008D94B8 /* JXFramework */;
			targetProxy = FDBB3D4C1ADF4252008D94B8 /* PBXContainerItemProxy */;
		};
/* End PBXTargetDependency section */

/* Begin PBXVariantGroup section */
		FDBB3D3F1ADF4251008D94B8 /* Main.storyboard */ = {
			isa = PBXVariantGroup;
			children = (
				FDBB3D401ADF4251008D94B8 /* Base */,
			);
			name = Main.storyboard;
			sourceTree = "<group>";
		};
/* End PBXVariantGroup section */

/* Begin XCBuildConfiguration section */
		FDBB3D531ADF4252008D94B8 /* Debug */ = {
			isa = XCBuildConfiguration;
			buildSettings = {
				ALWAYS_SEARCH_USER_PATHS = NO;
				CLANG_CXX_LANGUAGE_STANDARD = "gnu++0x";
				CLANG_CXX_LIBRARY = "libc++";
				CLANG_ENABLE_MODULES = YES;
				CLANG_ENABLE_OBJC_ARC = YES;
				CLANG_WARN_BOOL_CONVERSION = YES;
				CLANG_WARN_CONSTANT_CONVERSION = YES;
				CLANG_WARN_DIRECT_OBJC_ISA_USAGE = YES_ERROR;
				CLANG_WARN_EMPTY_BODY = YES;
				CLANG_WARN_ENUM_CONVERSION = YES;
				CLANG_WARN_INT_CONVERSION = YES;
				CLANG_WARN_OBJC_ROOT_CLASS = YES_ERROR;
				CLANG_WARN_UNREACHABLE_CODE = YES;
				CLANG_WARN__DUPLICATE_METHOD_MATCH = YES;
				"CODE_SIGN_IDENTITY[sdk=iphoneos*]" = "iPhone Developer";
				COPY_PHASE_STRIP = NO;
				DEBUG_INFORMATION_FORMAT = "dwarf-with-dsym";
				ENABLE_STRICT_OBJC_MSGSEND = YES;
				GCC_C_LANGUAGE_STANDARD = gnu99;
				GCC_DYNAMIC_NO_PIC = NO;
				GCC_NO_COMMON_BLOCKS = YES;
				GCC_OPTIMIZATION_LEVEL = 0;
				GCC_PREPROCESSOR_DEFINITIONS = (
					"DEBUG=1",
					"$(inherited)",
				);
				GCC_SYMBOLS_PRIVATE_EXTERN = NO;
				GCC_WARN_64_TO_32_BIT_CONVERSION = YES;
				GCC_WARN_ABOUT_RETURN_TYPE = YES_ERROR;
				GCC_WARN_UNDECLARED_SELECTOR = YES;
				GCC_WARN_UNINITIALIZED_AUTOS = YES_AGGRESSIVE;
				GCC_WARN_UNUSED_FUNCTION = YES;
				GCC_WARN_UNUSED_VARIABLE = YES;
				IPHONEOS_DEPLOYMENT_TARGET = 8.3;
				MTL_ENABLE_DEBUG_INFO = YES;
				ONLY_ACTIVE_ARCH = YES;
				SDKROOT = iphoneos;
			};
			name = Debug;
		};
		FDBB3D541ADF4252008D94B8 /* Release */ = {
			isa = XCBuildConfiguration;
			buildSettings = {
				ALWAYS_SEARCH_USER_PATHS = NO;
				CLANG_CXX_LANGUAGE_STANDARD = "gnu++0x";
				CLANG_CXX_LIBRARY = "libc++";
				CLANG_ENABLE_MODULES = YES;
				CLANG_ENABLE_OBJC_ARC = YES;
				CLANG_WARN_BOOL_CONVERSION = YES;
				CLANG_WARN_CONSTANT_CONVERSION = YES;
				CLANG_WARN_DIRECT_OBJC_ISA_USAGE = YES_ERROR;
				CLANG_WARN_EMPTY_BODY = YES;
				CLANG_WARN_ENUM_CONVERSION = YES;
				CLANG_WARN_INT_CONVERSION = YES;
				CLANG_WARN_OBJC_ROOT_CLASS = YES_ERROR;
				CLANG_WARN_UNREACHABLE_CODE = YES;
				CLANG_WARN__DUPLICATE_METHOD_MATCH = YES;
				"CODE_SIGN_IDENTITY[sdk=iphoneos*]" = "iPhone Developer";
				COPY_PHASE_STRIP = NO;
				DEBUG_INFORMATION_FORMAT = "dwarf-with-dsym";
				ENABLE_NS_ASSERTIONS = NO;
				ENABLE_STRICT_OBJC_MSGSEND = YES;
				GCC_C_LANGUAGE_STANDARD = gnu99;
				GCC_NO_COMMON_BLOCKS = YES;
				GCC_WARN_64_TO_32_BIT_CONVERSION = YES;
				GCC_WARN_ABOUT_RETURN_TYPE = YES_ERROR;
				GCC_WARN_UNDECLARED_SELECTOR = YES;
				GCC_WARN_UNINITIALIZED_AUTOS = YES_AGGRESSIVE;
				GCC_WARN_UNUSED_FUNCTION = YES;
				GCC_WARN_UNUSED_VARIABLE = YES;
				IPHONEOS_DEPLOYMENT_TARGET = 8.3;
				MTL_ENABLE_DEBUG_INFO = NO;
				SDKROOT = iphoneos;
				VALIDATE_PRODUCT = YES;
			};
			name = Release;
		};
		FDBB3D561ADF4252008D94B8 /* Debug */ = {
			isa = XCBuildConfiguration;
			buildSettings = {
				ASSETCATALOG_COMPILER_APPICON_NAME = AppIcon;
				INFOPLIST_FILE = JXFramework/Info.plist;
				LD_RUNPATH_SEARCH_PATHS = "$(inherited) @executable_path/Frameworks";
				PRODUCT_NAME = "$(TARGET_NAME)";
			};
			name = Debug;
		};
		FDBB3D571ADF4252008D94B8 /* Release */ = {
			isa = XCBuildConfiguration;
			buildSettings = {
				ASSETCATALOG_COMPILER_APPICON_NAME = AppIcon;
				INFOPLIST_FILE = JXFramework/Info.plist;
				LD_RUNPATH_SEARCH_PATHS = "$(inherited) @executable_path/Frameworks";
				PRODUCT_NAME = "$(TARGET_NAME)";
			};
			name = Release;
		};
		FDBB3D591ADF4252008D94B8 /* Debug */ = {
			isa = XCBuildConfiguration;
			buildSettings = {
				BUNDLE_LOADER = "$(TEST_HOST)";
				FRAMEWORK_SEARCH_PATHS = (
					"$(SDKROOT)/Developer/Library/Frameworks",
					"$(inherited)",
				);
				GCC_PREPROCESSOR_DEFINITIONS = (
					"DEBUG=1",
					"$(inherited)",
				);
				INFOPLIST_FILE = JXFrameworkTests/Info.plist;
				LD_RUNPATH_SEARCH_PATHS = "$(inherited) @executable_path/Frameworks @loader_path/Frameworks";
				PRODUCT_NAME = "$(TARGET_NAME)";
				TEST_HOST = "$(BUILT_PRODUCTS_DIR)/JXFramework.app/JXFramework";
			};
			name = Debug;
		};
		FDBB3D5A1ADF4252008D94B8 /* Release */ = {
			isa = XCBuildConfiguration;
			buildSettings = {
				BUNDLE_LOADER = "$(TEST_HOST)";
				FRAMEWORK_SEARCH_PATHS = (
					"$(SDKROOT)/Developer/Library/Frameworks",
					"$(inherited)",
				);
				INFOPLIST_FILE = JXFrameworkTests/Info.plist;
				LD_RUNPATH_SEARCH_PATHS = "$(inherited) @executable_path/Frameworks @loader_path/Frameworks";
				PRODUCT_NAME = "$(TARGET_NAME)";
				TEST_HOST = "$(BUILT_PRODUCTS_DIR)/JXFramework.app/JXFramework";
			};
			name = Release;
		};
/* End XCBuildConfiguration section */

/* Begin XCConfigurationList section */
		FDBB3D2D1ADF4251008D94B8 /* Build configuration list for PBXProject "JXFramework" */ = {
			isa = XCConfigurationList;
			buildConfigurations = (
				FDBB3D531ADF4252008D94B8 /* Debug */,
				FDBB3D541ADF4252008D94B8 /* Release */,
			);
			defaultConfigurationIsVisible = 0;
			defaultConfigurationName = Release;
		};
		FDBB3D551ADF4252008D94B8 /* Build configuration list for PBXNativeTarget "JXFramework" */ = {
			isa = XCConfigurationList;
			buildConfigurations = (
				FDBB3D561ADF4252008D94B8 /* Debug */,
				FDBB3D571ADF4252008D94B8 /* Release */,
			);
			defaultConfigurationIsVisible = 0;
			defaultConfigurationName = Release;
		};
		FDBB3D581ADF4252008D94B8 /* Build configuration list for PBXNativeTarget "JXFrameworkTests" */ = {
			isa = XCConfigurationList;
			buildConfigurations = (
				FDBB3D591ADF4252008D94B8 /* Debug */,
				FDBB3D5A1ADF4252008D94B8 /* Release */,
			);
			defaultConfigurationIsVisible = 0;
			defaultConfigurationName = Release;
		};
/* End XCConfigurationList section */
	};
	rootObject = FDBB3D2A1ADF4251008D94B8 /* Project object */;
}
